{
  "version": 4,
  "terraform_version": "1.5.7",
  "serial": 747,
  "lineage": "f2bbe9f1-0367-a828-4088-c532b86b0a13",
  "outputs": {
    "api_gateway_url": {
      "value": "https://2ntyt8anuj.execute-api.eu-central-1.amazonaws.com",
      "type": "string"
    },
    "cognito_config_url": {
      "value": "https://d1cus83lrz11k.cloudfront.net/config.json",
      "type": "string"
    },
    "cognito_domain": {
      "value": "https://hai-frontend-dev-d24xpd.auth.eu-central-1.amazoncognito.com",
      "type": "string"
    },
    "data_repositories_nodejs_layer_arn": {
      "value": "arn:aws:lambda:eu-central-1:640185168982:layer:hai-frontend-dev-data-repositories-nodejs:7",
      "type": "string"
    },
    "data_repositories_python_layer_arn": {
      "value": "arn:aws:lambda:eu-central-1:640185168982:layer:hai-frontend-dev-data-repositories-python:1",
      "type": "string"
    },
    "distribution_domain_name": {
      "value": "d1cus83lrz11k.cloudfront.net",
      "type": "string"
    },
    "hai_api_gateway_url": {
      "value": "https://2ntyt8anuj.execute-api.eu-central-1.amazonaws.com",
      "type": "string"
    },
    "hai_dynamodb_table_name": {
      "value": "hai-frontend-dev-hai-data",
      "type": "string"
    },
    "hai_lambda_function_name": {
      "value": "hai-frontend-dev-hai-api",
      "type": "string"
    },
    "identity_pool_id": {
      "value": "eu-central-1:28575410-a15b-49f7-a5e5-75bd672f15f4",
      "type": "string"
    },
    "multi_agent_processor_function_arn": {
      "value": "arn:aws:lambda:eu-central-1:640185168982:function:hai-frontend-dev-multi-agent-processor",
      "type": "string"
    },
    "multi_agent_processor_function_name": {
      "value": "hai-frontend-dev-multi-agent-processor",
      "type": "string"
    },
    "user_pool_client_id": {
      "value": "6h0mi452sgnohdb93ngvpn5p4l",
      "type": "string"
    },
    "user_pool_id": {
      "value": "eu-central-1_1kqqcTioX",
      "type": "string"
    },
    "web_bucket_name": {
      "value": "hai-frontend-dev-d24xpd",
      "type": "string"
    }
  },
  "resources": [
    {
      "mode": "data",
      "type": "archive_file",
      "name": "data_repositories_nodejs_layer",
      "provider": "provider[\"registry.terraform.io/hashicorp/archive\"]",
      "instances": [
        {
          "schema_version": 0,
          "attributes": {
            "exclude_symlink_directories": null,
            "excludes": [
              "*.ts",
              "dist",
              "node_modules",
              "package-lock.json",
              "tsconfig.json"
            ],
            "id": "35bdc63def328a926e2b75c01f86ce22813901f8",
            "output_base64sha256": "RBOj/rOX83GgGuRGMrXzmvwUGa3rk9CRbQMPPe/eFEY=",
            "output_base64sha512": "3vWGJYFeReyDxZrDJqog4fJGIi/TRXPL+gVGUR+ma2kNX1OCwA5DrGwzWYKquA7mWkDIYgHwMXpTOSQY3+svpA==",
            "output_file_mode": null,
            "output_md5": "3a7f24f9ff59970f0d86ee86b83c5646",
            "output_path": "./build/data-repositories-nodejs-layer.zip",
            "output_sha": "35bdc63def328a926e2b75c01f86ce22813901f8",
            "output_sha256": "4413a3feb397f371a01ae44632b5f39afc1419adeb93d0916d030f3defde1446",
            "output_sha512": "def58625815e45ec83c59ac326aa20e1f246222fd34573cbfa0546511fa66b690d5f5382c00e43ac6c335982aab80ee65a40c86201f0317a53392418dfeb2fa4",
            "output_size": 8307940,
            "source": [],
            "source_content": null,
            "source_content_filename": null,
            "source_dir": "./../backend/lambda-layers/data-repositories/nodejs",
            "source_file": null,
            "type": "zip"
          },
          "sensitive_attributes": []
        }
      ]
    },
    {
      "mode": "data",
      "type": "archive_file",
      "name": "data_repositories_python_layer",
      "provider": "provider[\"registry.terraform.io/hashicorp/archive\"]",
      "instances": [
        {
          "schema_version": 0,
          "attributes": {
            "exclude_symlink_directories": null,
            "excludes": null,
            "id": "685d47bd85b0c984944bce1c693734acd7616d19",
            "output_base64sha256": "1/NG+B6LZNvLU3foPy+Sri/f8qhJWYCHcDuh1bk6KVg=",
            "output_base64sha512": "22XyGa3o59Sy2MexQ28x54lgEZDE97GrDUic8Ahz0a7RETGV0uPu21azMqoUWqkdEKCwVhM9tOGBQVUDxYlhoQ==",
            "output_file_mode": null,
            "output_md5": "e6f8f944e0fd3a2989539c8da2c71951",
            "output_path": "./build/data-repositories-python-layer.zip",
            "output_sha": "685d47bd85b0c984944bce1c693734acd7616d19",
            "output_sha256": "d7f346f81e8b64dbcb5377e83f2f92ae2fdff2a849598087703ba1d5b93a2958",
            "output_sha512": "db65f219ade8e7d4b2d8c7b1436f31e789601190c4f7b1ab0d489cf00873d1aed1113195d2e3eedb56b332aa145aa91d10a0b056133db4e181415503c58961a1",
            "output_size": 1378,
            "source": [],
            "source_content": null,
            "source_content_filename": null,
            "source_dir": "./../backend/lambda-layers/data-repositories/python",
            "source_file": null,
            "type": "zip"
          },
          "sensitive_attributes": []
        }
      ]
    },
    {
      "mode": "data",
      "type": "archive_file",
      "name": "email_ingestion_bundle",
      "provider": "provider[\"registry.terraform.io/hashicorp/archive\"]",
      "instances": [
        {
          "schema_version": 0,
          "attributes": {
            "exclude_symlink_directories": null,
            "excludes": null,
            "id": "73f0eb903b880a809967dc23adfc470f921044ab",
            "output_base64sha256": "b13QUTDsvbuYm3WO+o3ygkhxjp+lDdZh40+69PRJe88=",
            "output_base64sha512": "Sz0JEqgSg9Lj1IgZhqFWsFu9VnjBrjpei0VDA6IAA4uu9Pup1fNBj26X97Nkcx4JUJeSHLvjDj9sKaFdsR6HTw==",
            "output_file_mode": null,
            "output_md5": "a0b417261c1e104719896a76cdae0503",
            "output_path": "./build/email-ingestion-lambda.zip",
            "output_sha": "73f0eb903b880a809967dc23adfc470f921044ab",
            "output_sha256": "6f5dd05130ecbdbb989b758efa8df28248718e9fa50dd661e34fbaf4f4497bcf",
            "output_sha512": "4b3d0912a81283d2e3d4881986a156b05bbd5678c1ae3a5e8b454303a200038baef4fba9d5f3418f6e97f7b364731e095097921cbbe30e3f6c29a15db11e874f",
            "output_size": 10383055,
            "source": [],
            "source_content": null,
            "source_content_filename": null,
            "source_dir": "./../backend/email-ingestion-lambda/dist",
            "source_file": null,
            "type": "zip"
          },
          "sensitive_attributes": []
        }
      ]
    },
    {
      "mode": "data",
      "type": "archive_file",
      "name": "hai_api_bundle",
      "provider": "provider[\"registry.terraform.io/hashicorp/archive\"]",
      "instances": [
        {
          "schema_version": 0,
          "attributes": {
            "exclude_symlink_directories": null,
            "excludes": null,
            "id": "e48bcfaa244a0026c847a40ef4d44ca4fa11de77",
            "output_base64sha256": "IS0aWsCRb9KGvH3orOOZ7kij1HDN+95fgqArnUz5gyA=",
            "output_base64sha512": "vTl7RvkUbhIpWjEDW12ldJKQJ6FzipNoxqpX8NY7MM81VMMgW4zVcwSCOUq3HlrXTTrLuFWWDtg6pDyzm4hrOA==",
            "output_file_mode": null,
            "output_md5": "034852c2c6a7374e0667ec4bd50a5316",
            "output_path": "./build/hai-api-lambda.zip",
            "output_sha": "e48bcfaa244a0026c847a40ef4d44ca4fa11de77",
            "output_sha256": "212d1a5ac0916fd286bc7de8ace399ee48a3d470cdfbde5f82a02b9d4cf98320",
            "output_sha512": "bd397b46f9146e12295a31035b5da574929027a1738a9368c6aa57f0d63b30cf3554c3205b8cd5730482394ab71e5ad74d3acbb855960ed83aa43cb39b886b38",
            "output_size": 8119229,
            "source": [],
            "source_content": null,
            "source_content_filename": null,
            "source_dir": "./../backend/hai-api-lambda/dist",
            "source_file": null,
            "type": "zip"
          },
          "sensitive_attributes": []
        }
      ]
    },
    {
      "mode": "data",
      "type": "archive_file",
      "name": "multi_agent_processor_bundle",
      "provider": "provider[\"registry.terraform.io/hashicorp/archive\"]",
      "instances": [
        {
          "schema_version": 0,
          "attributes": {
            "exclude_symlink_directories": null,
            "excludes": null,
            "id": "6786a209923ce00f887f4b3109b7ff431dae7128",
            "output_base64sha256": "S51Lp7B8crGQrIWW+HMFeS0R+GwiQc7C4JaOFzO0bI8=",
            "output_base64sha512": "Qa7UM8Sn34FDCx5bysYbew1v0vfuImCtaIzvsnKzlvr0kNq1Xl7EZJoTC1omdv10sGdgwwUdi9MWE8g9U1X56A==",
            "output_file_mode": null,
            "output_md5": "552a105015249bbbe1b1f5c236bc662b",
            "output_path": "./build/multi-agent-processor.zip",
            "output_sha": "6786a209923ce00f887f4b3109b7ff431dae7128",
            "output_sha256": "4b9d4ba7b07c72b190ac8596f87305792d11f86c2241cec2e0968e1733b46c8f",
            "output_sha512": "41aed433c4a7df81430b1e5bcac61b7b0d6fd2f7ee2260ad688cefb272b396faf490dab55e5ec4649a130b5a2676fd74b06760c3051d8bd31613c83d5355f9e8",
            "output_size": 75438865,
            "source": [],
            "source_content": null,
            "source_content_filename": null,
            "source_dir": "./../backend/multi-agentic-data-processor/package",
            "source_file": null,
            "type": "zip"
          },
          "sensitive_attributes": []
        }
      ]
    },
    {
      "mode": "data",
      "type": "aws_caller_identity",
      "name": "current",
      "provider": "provider[\"registry.terraform.io/hashicorp/aws\"]",
      "instances": [
        {
          "schema_version": 0,
          "attributes": {
            "account_id": "640185168982",
            "arn": "arn:aws:sts::640185168982:assumed-role/AWSReservedSSO_AWSAdministratorAccess_2efb4554600a597a/marin.r.greggo@deappz.com",
            "id": "640185168982",
            "user_id": "AROAZKDQCORLLJ27U3HD4:marin.r.greggo@deappz.com"
          },
          "sensitive_attributes": []
        }
      ]
    },
    {
      "mode": "data",
      "type": "aws_cloudfront_cache_policy",
      "name": "caching_disabled",
      "provider": "provider[\"registry.terraform.io/hashicorp/aws\"]",
      "instances": [
        {
          "schema_version": 0,
          "attributes": {
            "arn": "arn:aws:cloudfront::640185168982:cache-policy/4135ea2d-6df8-44a3-9df3-4b5a84be39ad",
            "comment": "Policy with caching disabled",
            "default_ttl": 0,
            "etag": "E23ZP02F085DFQ",
            "id": "4135ea2d-6df8-44a3-9df3-4b5a84be39ad",
            "max_ttl": 0,
            "min_ttl": 0,
            "name": "Managed-CachingDisabled",
            "parameters_in_cache_key_and_forwarded_to_origin": [
              {
                "cookies_config": [
                  {
                    "cookie_behavior": "none",
                    "cookies": []
                  }
                ],
                "enable_accept_encoding_brotli": false,
                "enable_accept_encoding_gzip": false,
                "headers_config": [
                  {
                    "header_behavior": "none",
                    "headers": []
                  }
                ],
                "query_strings_config": [
                  {
                    "query_string_behavior": "none",
                    "query_strings": []
                  }
                ]
              }
            ]
          },
          "sensitive_attributes": []
        }
      ]
    },
    {
      "mode": "data",
      "type": "aws_cloudfront_cache_policy",
      "name": "caching_optimized",
      "provider": "provider[\"registry.terraform.io/hashicorp/aws\"]",
      "instances": [
        {
          "schema_version": 0,
          "attributes": {
            "arn": "arn:aws:cloudfront::640185168982:cache-policy/658327ea-f89d-4fab-a63d-7e88639e58f6",
            "comment": "Policy with caching enabled. Supports Gzip and Brotli compression.",
            "default_ttl": 86400,
            "etag": "E23ZP02F085DFQ",
            "id": "658327ea-f89d-4fab-a63d-7e88639e58f6",
            "max_ttl": 31536000,
            "min_ttl": 1,
            "name": "Managed-CachingOptimized",
            "parameters_in_cache_key_and_forwarded_to_origin": [
              {
                "cookies_config": [
                  {
                    "cookie_behavior": "none",
                    "cookies": []
                  }
                ],
                "enable_accept_encoding_brotli": true,
                "enable_accept_encoding_gzip": true,
                "headers_config": [
                  {
                    "header_behavior": "none",
                    "headers": []
                  }
                ],
                "query_strings_config": [
                  {
                    "query_string_behavior": "none",
                    "query_strings": []
                  }
                ]
              }
            ]
          },
          "sensitive_attributes": []
        }
      ]
    },
    {
      "mode": "data",
      "type": "aws_cloudfront_origin_request_policy",
      "name": "all_viewer_except_host",
      "provider": "provider[\"registry.terraform.io/hashicorp/aws\"]",
      "instances": [
        {
          "schema_version": 0,
          "attributes": {
            "arn": "arn:aws:cloudfront::640185168982:origin-request-policy/b689b0a8-53d0-40ab-baf2-68738e2966ac",
            "comment": "Policy to forward all parameters in viewer requests except for the Host header",
            "cookies_config": [
              {
                "cookie_behavior": "all",
                "cookies": []
              }
            ],
            "etag": "E23ZP02F085DFQ",
            "headers_config": [
              {
                "header_behavior": "allExcept",
                "headers": [
                  {
                    "items": [
                      "host"
                    ]
                  }
                ]
              }
            ],
            "id": "b689b0a8-53d0-40ab-baf2-68738e2966ac",
            "name": "Managed-AllViewerExceptHostHeader",
            "query_strings_config": [
              {
                "query_string_behavior": "all",
                "query_strings": []
              }
            ]
          },
          "sensitive_attributes": []
        }
      ]
    },
    {
      "mode": "data",
      "type": "aws_iam_policy_document",
      "name": "cognito_authenticated_assume_role",
      "provider": "provider[\"registry.terraform.io/hashicorp/aws\"]",
      "instances": [
        {
          "schema_version": 0,
          "attributes": {
            "id": "3645569304",
            "json": "{\n  \"Version\": \"2012-10-17\",\n  \"Statement\": [\n    {\n      \"Effect\": \"Allow\",\n      \"Action\": \"sts:AssumeRoleWithWebIdentity\",\n      \"Principal\": {\n        \"Federated\": \"cognito-identity.amazonaws.com\"\n      },\n      \"Condition\": {\n        \"ForAnyValue:StringLike\": {\n          \"cognito-identity.amazonaws.com:amr\": \"authenticated\"\n        },\n        \"StringEquals\": {\n          \"cognito-identity.amazonaws.com:aud\": \"eu-central-1:28575410-a15b-49f7-a5e5-75bd672f15f4\"\n        }\n      }\n    }\n  ]\n}",
            "minified_json": "{\"Version\":\"2012-10-17\",\"Statement\":[{\"Effect\":\"Allow\",\"Action\":\"sts:AssumeRoleWithWebIdentity\",\"Principal\":{\"Federated\":\"cognito-identity.amazonaws.com\"},\"Condition\":{\"ForAnyValue:StringLike\":{\"cognito-identity.amazonaws.com:amr\":\"authenticated\"},\"StringEquals\":{\"cognito-identity.amazonaws.com:aud\":\"eu-central-1:28575410-a15b-49f7-a5e5-75bd672f15f4\"}}}]}",
            "override_json": null,
            "override_policy_documents": null,
            "policy_id": null,
            "source_json": null,
            "source_policy_documents": null,
            "statement": [
              {
                "actions": [
                  "sts:AssumeRoleWithWebIdentity"
                ],
                "condition": [
                  {
                    "test": "ForAnyValue:StringLike",
                    "values": [
                      "authenticated"
                    ],
                    "variable": "cognito-identity.amazonaws.com:amr"
                  },
                  {
                    "test": "StringEquals",
                    "values": [
                      "eu-central-1:28575410-a15b-49f7-a5e5-75bd672f15f4"
                    ],
                    "variable": "cognito-identity.amazonaws.com:aud"
                  }
                ],
                "effect": "Allow",
                "not_actions": [],
                "not_principals": [],
                "not_resources": [],
                "principals": [
                  {
                    "identifiers": [
                      "cognito-identity.amazonaws.com"
                    ],
                    "type": "Federated"
                  }
                ],
                "resources": [],
                "sid": ""
              }
            ],
            "version": "2012-10-17"
          },
          "sensitive_attributes": []
        }
      ]
    },
    {
      "mode": "data",
      "type": "aws_iam_policy_document",
      "name": "cognito_authenticated_policy",
      "provider": "provider[\"registry.terraform.io/hashicorp/aws\"]",
      "instances": [
        {
          "schema_version": 0,
          "attributes": {
            "id": "1168068223",
            "json": "{\n  \"Version\": \"2012-10-17\",\n  \"Statement\": [\n    {\n      \"Effect\": \"Allow\",\n      \"Action\": [\n        \"mobileanalytics:PutEvents\",\n        \"cognito-sync:*\",\n        \"cognito-identity:*\"\n      ],\n      \"Resource\": \"*\"\n    },\n    {\n      \"Effect\": \"Allow\",\n      \"Action\": \"execute-api:Invoke\",\n      \"Resource\": \"*\"\n    }\n  ]\n}",
            "minified_json": "{\"Version\":\"2012-10-17\",\"Statement\":[{\"Effect\":\"Allow\",\"Action\":[\"mobileanalytics:PutEvents\",\"cognito-sync:*\",\"cognito-identity:*\"],\"Resource\":\"*\"},{\"Effect\":\"Allow\",\"Action\":\"execute-api:Invoke\",\"Resource\":\"*\"}]}",
            "override_json": null,
            "override_policy_documents": null,
            "policy_id": null,
            "source_json": null,
            "source_policy_documents": null,
            "statement": [
              {
                "actions": [
                  "cognito-identity:*",
                  "cognito-sync:*",
                  "mobileanalytics:PutEvents"
                ],
                "condition": [],
                "effect": "Allow",
                "not_actions": [],
                "not_principals": [],
                "not_resources": [],
                "principals": [],
                "resources": [
                  "*"
                ],
                "sid": ""
              },
              {
                "actions": [
                  "execute-api:Invoke"
                ],
                "condition": [],
                "effect": "Allow",
                "not_actions": [],
                "not_principals": [],
                "not_resources": [],
                "principals": [],
                "resources": [
                  "*"
                ],
                "sid": ""
              }
            ],
            "version": "2012-10-17"
          },
          "sensitive_attributes": []
        }
      ]
    },
    {
      "mode": "data",
      "type": "aws_iam_policy_document",
      "name": "lambda_assume_role",
      "provider": "provider[\"registry.terraform.io/hashicorp/aws\"]",
      "instances": [
        {
          "schema_version": 0,
          "attributes": {
            "id": "2690255455",
            "json": "{\n  \"Version\": \"2012-10-17\",\n  \"Statement\": [\n    {\n      \"Effect\": \"Allow\",\n      \"Action\": \"sts:AssumeRole\",\n      \"Principal\": {\n        \"Service\": \"lambda.amazonaws.com\"\n      }\n    }\n  ]\n}",
            "minified_json": "{\"Version\":\"2012-10-17\",\"Statement\":[{\"Effect\":\"Allow\",\"Action\":\"sts:AssumeRole\",\"Principal\":{\"Service\":\"lambda.amazonaws.com\"}}]}",
            "override_json": null,
            "override_policy_documents": null,
            "policy_id": null,
            "source_json": null,
            "source_policy_documents": null,
            "statement": [
              {
                "actions": [
                  "sts:AssumeRole"
                ],
                "condition": [],
                "effect": "Allow",
                "not_actions": [],
                "not_principals": [],
                "not_resources": [],
                "principals": [
                  {
                    "identifiers": [
                      "lambda.amazonaws.com"
                    ],
                    "type": "Service"
                  }
                ],
                "resources": [],
                "sid": ""
              }
            ],
            "version": "2012-10-17"
          },
          "sensitive_attributes": []
        }
      ]
    },
    {
      "mode": "data",
      "type": "aws_iam_policy_document",
      "name": "web_bucket_policy",
      "provider": "provider[\"registry.terraform.io/hashicorp/aws\"]",
      "instances": [
        {
          "schema_version": 0,
          "attributes": {
            "id": "589595256",
            "json": "{\n  \"Version\": \"2012-10-17\",\n  \"Statement\": [\n    {\n      \"Sid\": \"AllowCloudFrontServicePrincipalReadOnly\",\n      \"Effect\": \"Allow\",\n      \"Action\": \"s3:GetObject\",\n      \"Resource\": \"arn:aws:s3:::hai-frontend-dev-d24xpd/*\",\n      \"Principal\": {\n        \"CanonicalUser\": \"1045909db33526245bba32bdae87eba7d86ff7555d734417fd4714a3e5a9b6044a30adc6ddfcf85a0d749209a4605dc8\"\n      }\n    }\n  ]\n}",
            "minified_json": "{\"Version\":\"2012-10-17\",\"Statement\":[{\"Sid\":\"AllowCloudFrontServicePrincipalReadOnly\",\"Effect\":\"Allow\",\"Action\":\"s3:GetObject\",\"Resource\":\"arn:aws:s3:::hai-frontend-dev-d24xpd/*\",\"Principal\":{\"CanonicalUser\":\"1045909db33526245bba32bdae87eba7d86ff7555d734417fd4714a3e5a9b6044a30adc6ddfcf85a0d749209a4605dc8\"}}]}",
            "override_json": null,
            "override_policy_documents": null,
            "policy_id": null,
            "source_json": null,
            "source_policy_documents": null,
            "statement": [
              {
                "actions": [
                  "s3:GetObject"
                ],
                "condition": [],
                "effect": "Allow",
                "not_actions": [],
                "not_principals": [],
                "not_resources": [],
                "principals": [
                  {
                    "identifiers": [
                      "1045909db33526245bba32bdae87eba7d86ff7555d734417fd4714a3e5a9b6044a30adc6ddfcf85a0d749209a4605dc8"
                    ],
                    "type": "CanonicalUser"
                  }
                ],
                "resources": [
                  "arn:aws:s3:::hai-frontend-dev-d24xpd/*"
                ],
                "sid": "AllowCloudFrontServicePrincipalReadOnly"
              }
            ],
            "version": "2012-10-17"
          },
          "sensitive_attributes": []
        }
      ]
    },
    {
      "mode": "data",
      "type": "aws_region",
      "name": "current",
      "provider": "provider[\"registry.terraform.io/hashicorp/aws\"]",
      "instances": [
        {
          "schema_version": 0,
          "attributes": {
            "description": "Europe (Frankfurt)",
            "endpoint": "ec2.eu-central-1.amazonaws.com",
            "id": "eu-central-1",
            "name": "eu-central-1"
          },
          "sensitive_attributes": []
        }
      ]
    },
    {
      "mode": "data",
      "type": "aws_s3_bucket",
      "name": "email_ingestion",
      "provider": "provider[\"registry.terraform.io/hashicorp/aws\"]",
      "instances": [
        {
          "schema_version": 0,
          "attributes": {
            "arn": "arn:aws:s3:::hai-data-lake",
            "bucket": "hai-data-lake",
            "bucket_domain_name": "hai-data-lake.s3.amazonaws.com",
            "bucket_regional_domain_name": "hai-data-lake.s3.eu-central-1.amazonaws.com",
            "hosted_zone_id": "Z21DNDUVLTQW6Q",
            "id": "hai-data-lake",
            "region": "eu-central-1",
            "website_domain": null,
            "website_endpoint": null
          },
          "sensitive_attributes": []
        }
      ]
    },
    {
      "mode": "managed",
      "type": "aws_apigatewayv2_api",
      "name": "hai_api",
      "provider": "provider[\"registry.terraform.io/hashicorp/aws\"]",
      "instances": [
        {
          "schema_version": 0,
          "attributes": {
            "api_endpoint": "https://2ntyt8anuj.execute-api.eu-central-1.amazonaws.com",
            "api_key_selection_expression": "$request.header.x-api-key",
            "arn": "arn:aws:apigateway:eu-central-1::/apis/2ntyt8anuj",
            "body": null,
            "cors_configuration": [
              {
                "allow_credentials": false,
                "allow_headers": [
                  "authorization",
                  "content-type",
                  "x-amz-date",
                  "x-amz-security-token",
                  "x-amz-user-agent",
                  "x-api-key"
                ],
                "allow_methods": [
                  "DELETE",
                  "GET",
                  "OPTIONS",
                  "POST",
                  "PUT"
                ],
                "allow_origins": [
                  "*"
                ],
                "expose_headers": [
                  "*"
                ],
                "max_age": 300
              }
            ],
            "credentials_arn": null,
            "description": "",
            "disable_execute_api_endpoint": false,
            "execution_arn": "arn:aws:execute-api:eu-central-1:640185168982:2ntyt8anuj",
            "fail_on_warnings": null,
            "id": "2ntyt8anuj",
            "ip_address_type": "ipv4",
            "name": "hai-frontend-dev-hai-api",
            "protocol_type": "HTTP",
            "route_key": null,
            "route_selection_expression": "$request.method $request.path",
            "tags": {
              "Environment": "dev",
              "ManagedBy": "terraform",
              "Project": "hai-frontend"
            },
            "tags_all": {
              "Environment": "dev",
              "ManagedBy": "terraform",
              "Project": "hai-frontend"
            },
            "target": null,
            "version": ""
          },
          "sensitive_attributes": [],
          "private": "bnVsbA=="
        }
      ]
    },
    {
      "mode": "managed",
      "type": "aws_apigatewayv2_authorizer",
      "name": "hai_cognito",
      "provider": "provider[\"registry.terraform.io/hashicorp/aws\"]",
      "instances": [
        {
          "schema_version": 0,
          "attributes": {
            "api_id": "2ntyt8anuj",
            "authorizer_credentials_arn": "",
            "authorizer_payload_format_version": "",
            "authorizer_result_ttl_in_seconds": 0,
            "authorizer_type": "JWT",
            "authorizer_uri": "",
            "enable_simple_responses": false,
            "id": "e95w15",
            "identity_sources": [
              "$request.header.Authorization"
            ],
            "jwt_configuration": [
              {
                "audience": [
                  "6h0mi452sgnohdb93ngvpn5p4l"
                ],
                "issuer": "https://cognito-idp.eu-central-1.amazonaws.com/eu-central-1_1kqqcTioX"
              }
            ],
            "name": "hai-frontend-dev-hai-cognito-authorizer",
            "timeouts": null
          },
          "sensitive_attributes": [],
          "private": "eyJlMmJmYjczMC1lY2FhLTExZTYtOGY4OC0zNDM2M2JjN2M0YzAiOnsiZGVsZXRlIjoxODAwMDAwMDAwMDAwfX0=",
          "dependencies": [
            "aws_apigatewayv2_api.hai_api",
            "aws_cognito_user_pool.main",
            "aws_cognito_user_pool_client.main"
          ]
        }
      ]
    },
    {
      "mode": "managed",
      "type": "aws_apigatewayv2_integration",
      "name": "hai_lambda",
      "provider": "provider[\"registry.terraform.io/hashicorp/aws\"]",
      "instances": [
        {
          "schema_version": 0,
          "attributes": {
            "api_id": "2ntyt8anuj",
            "connection_id": "",
            "connection_type": "INTERNET",
            "content_handling_strategy": "",
            "credentials_arn": "",
            "description": "",
            "id": "4fepdr9",
            "integration_method": "POST",
            "integration_response_selection_expression": "",
            "integration_subtype": "",
            "integration_type": "AWS_PROXY",
            "integration_uri": "arn:aws:apigateway:eu-central-1:lambda:path/2015-03-31/functions/arn:aws:lambda:eu-central-1:640185168982:function:hai-frontend-dev-hai-api/invocations",
            "passthrough_behavior": "",
            "payload_format_version": "2.0",
            "request_parameters": {},
            "request_templates": {},
            "response_parameters": [],
            "template_selection_expression": "",
            "timeout_milliseconds": 30000,
            "tls_config": []
          },
          "sensitive_attributes": [],
          "private": "bnVsbA==",
          "dependencies": [
            "aws_apigatewayv2_api.hai_api",
            "aws_cloudwatch_log_group.hai_api",
            "aws_dynamodb_table.hai_data",
            "aws_iam_role.hai_api",
            "aws_iam_role_policy.hai_api_dynamodb",
            "aws_iam_role_policy.hai_api_logging",
            "aws_lambda_function.hai_api",
            "aws_lambda_layer_version.data_repositories_nodejs",
            "data.archive_file.data_repositories_nodejs_layer",
            "data.archive_file.hai_api_bundle",
            "data.aws_iam_policy_document.lambda_assume_role",
            "null_resource.data_repositories_nodejs_build",
            "null_resource.hai_lambda_build"
          ]
        }
      ]
    },
    {
      "mode": "managed",
      "type": "aws_apigatewayv2_route",
      "name": "guests_create",
      "provider": "provider[\"registry.terraform.io/hashicorp/aws\"]",
      "instances": [
        {
          "schema_version": 0,
          "attributes": {
            "api_id": "2ntyt8anuj",
            "api_key_required": false,
            "authorization_scopes": [],
            "authorization_type": "JWT",
            "authorizer_id": "e95w15",
            "id": "e017509",
            "model_selection_expression": "",
            "operation_name": "",
            "request_models": {},
            "request_parameter": [],
            "route_key": "POST /api/guests",
            "route_response_selection_expression": "",
            "target": "integrations/4fepdr9"
          },
          "sensitive_attributes": [],
          "private": "bnVsbA==",
          "dependencies": [
            "aws_apigatewayv2_api.hai_api",
            "aws_apigatewayv2_authorizer.hai_cognito",
            "aws_apigatewayv2_integration.hai_lambda",
            "aws_cloudwatch_log_group.hai_api",
            "aws_cognito_user_pool.main",
            "aws_cognito_user_pool_client.main",
            "aws_dynamodb_table.hai_data",
            "aws_iam_role.hai_api",
            "aws_iam_role_policy.hai_api_dynamodb",
            "aws_iam_role_policy.hai_api_logging",
            "aws_lambda_function.hai_api",
            "aws_lambda_layer_version.data_repositories_nodejs",
            "data.archive_file.data_repositories_nodejs_layer",
            "data.archive_file.hai_api_bundle",
            "data.aws_iam_policy_document.lambda_assume_role",
            "null_resource.data_repositories_nodejs_build",
            "null_resource.hai_lambda_build"
          ]
        }
      ]
    },
    {
      "mode": "managed",
      "type": "aws_apigatewayv2_route",
      "name": "guests_delete",
      "provider": "provider[\"registry.terraform.io/hashicorp/aws\"]",
      "instances": [
        {
          "schema_version": 0,
          "attributes": {
            "api_id": "2ntyt8anuj",
            "api_key_required": false,
            "authorization_scopes": [],
            "authorization_type": "JWT",
            "authorizer_id": "e95w15",
            "id": "1u830vc",
            "model_selection_expression": "",
            "operation_name": "",
            "request_models": {},
            "request_parameter": [],
            "route_key": "DELETE /api/guests/{id}",
            "route_response_selection_expression": "",
            "target": "integrations/4fepdr9"
          },
          "sensitive_attributes": [],
          "private": "bnVsbA==",
          "dependencies": [
            "aws_apigatewayv2_api.hai_api",
            "aws_apigatewayv2_authorizer.hai_cognito",
            "aws_apigatewayv2_integration.hai_lambda",
            "aws_cloudwatch_log_group.hai_api",
            "aws_cognito_user_pool.main",
            "aws_cognito_user_pool_client.main",
            "aws_dynamodb_table.hai_data",
            "aws_iam_role.hai_api",
            "aws_iam_role_policy.hai_api_dynamodb",
            "aws_iam_role_policy.hai_api_logging",
            "aws_lambda_function.hai_api",
            "aws_lambda_layer_version.data_repositories_nodejs",
            "data.archive_file.data_repositories_nodejs_layer",
            "data.archive_file.hai_api_bundle",
            "data.aws_iam_policy_document.lambda_assume_role",
            "null_resource.data_repositories_nodejs_build",
            "null_resource.hai_lambda_build"
          ]
        }
      ]
    },
    {
      "mode": "managed",
      "type": "aws_apigatewayv2_route",
      "name": "guests_get",
      "provider": "provider[\"registry.terraform.io/hashicorp/aws\"]",
      "instances": [
        {
          "schema_version": 0,
          "attributes": {
            "api_id": "2ntyt8anuj",
            "api_key_required": false,
            "authorization_scopes": [],
            "authorization_type": "JWT",
            "authorizer_id": "e95w15",
            "id": "j404hjd",
            "model_selection_expression": "",
            "operation_name": "",
            "request_models": {},
            "request_parameter": [],
            "route_key": "GET /api/guests/{id}",
            "route_response_selection_expression": "",
            "target": "integrations/4fepdr9"
          },
          "sensitive_attributes": [],
          "private": "bnVsbA==",
          "dependencies": [
            "aws_apigatewayv2_api.hai_api",
            "aws_apigatewayv2_authorizer.hai_cognito",
            "aws_apigatewayv2_integration.hai_lambda",
            "aws_cloudwatch_log_group.hai_api",
            "aws_cognito_user_pool.main",
            "aws_cognito_user_pool_client.main",
            "aws_dynamodb_table.hai_data",
            "aws_iam_role.hai_api",
            "aws_iam_role_policy.hai_api_dynamodb",
            "aws_iam_role_policy.hai_api_logging",
            "aws_lambda_function.hai_api",
            "aws_lambda_layer_version.data_repositories_nodejs",
            "data.archive_file.data_repositories_nodejs_layer",
            "data.archive_file.hai_api_bundle",
            "data.aws_iam_policy_document.lambda_assume_role",
            "null_resource.data_repositories_nodejs_build",
            "null_resource.hai_lambda_build"
          ]
        }
      ]
    },
    {
      "mode": "managed",
      "type": "aws_apigatewayv2_route",
      "name": "guests_list",
      "provider": "provider[\"registry.terraform.io/hashicorp/aws\"]",
      "instances": [
        {
          "schema_version": 0,
          "attributes": {
            "api_id": "2ntyt8anuj",
            "api_key_required": false,
            "authorization_scopes": [],
            "authorization_type": "JWT",
            "authorizer_id": "e95w15",
            "id": "vywmcxe",
            "model_selection_expression": "",
            "operation_name": "",
            "request_models": {},
            "request_parameter": [],
            "route_key": "GET /api/guests",
            "route_response_selection_expression": "",
            "target": "integrations/4fepdr9"
          },
          "sensitive_attributes": [],
          "private": "bnVsbA==",
          "dependencies": [
            "aws_apigatewayv2_api.hai_api",
            "aws_apigatewayv2_authorizer.hai_cognito",
            "aws_apigatewayv2_integration.hai_lambda",
            "aws_cloudwatch_log_group.hai_api",
            "aws_cognito_user_pool.main",
            "aws_cognito_user_pool_client.main",
            "aws_dynamodb_table.hai_data",
            "aws_iam_role.hai_api",
            "aws_iam_role_policy.hai_api_dynamodb",
            "aws_iam_role_policy.hai_api_logging",
            "aws_lambda_function.hai_api",
            "aws_lambda_layer_version.data_repositories_nodejs",
            "data.archive_file.data_repositories_nodejs_layer",
            "data.archive_file.hai_api_bundle",
            "data.aws_iam_policy_document.lambda_assume_role",
            "null_resource.data_repositories_nodejs_build",
            "null_resource.hai_lambda_build"
          ]
        }
      ]
    },
    {
      "mode": "managed",
      "type": "aws_apigatewayv2_route",
      "name": "guests_update",
      "provider": "provider[\"registry.terraform.io/hashicorp/aws\"]",
      "instances": [
        {
          "schema_version": 0,
          "attributes": {
            "api_id": "2ntyt8anuj",
            "api_key_required": false,
            "authorization_scopes": [],
            "authorization_type": "JWT",
            "authorizer_id": "e95w15",
            "id": "95kmwn4",
            "model_selection_expression": "",
            "operation_name": "",
            "request_models": {},
            "request_parameter": [],
            "route_key": "PUT /api/guests/{id}",
            "route_response_selection_expression": "",
            "target": "integrations/4fepdr9"
          },
          "sensitive_attributes": [],
          "private": "bnVsbA==",
          "dependencies": [
            "aws_apigatewayv2_api.hai_api",
            "aws_apigatewayv2_authorizer.hai_cognito",
            "aws_apigatewayv2_integration.hai_lambda",
            "aws_cloudwatch_log_group.hai_api",
            "aws_cognito_user_pool.main",
            "aws_cognito_user_pool_client.main",
            "aws_dynamodb_table.hai_data",
            "aws_iam_role.hai_api",
            "aws_iam_role_policy.hai_api_dynamodb",
            "aws_iam_role_policy.hai_api_logging",
            "aws_lambda_function.hai_api",
            "aws_lambda_layer_version.data_repositories_nodejs",
            "data.archive_file.data_repositories_nodejs_layer",
            "data.archive_file.hai_api_bundle",
            "data.aws_iam_policy_document.lambda_assume_role",
            "null_resource.data_repositories_nodejs_build",
            "null_resource.hai_lambda_build"
          ]
        }
      ]
    },
    {
      "mode": "managed",
      "type": "aws_apigatewayv2_route",
      "name": "hai_options",
      "provider": "provider[\"registry.terraform.io/hashicorp/aws\"]",
      "instances": [
        {
          "schema_version": 0,
          "attributes": {
            "api_id": "2ntyt8anuj",
            "api_key_required": false,
            "authorization_scopes": [],
            "authorization_type": "NONE",
            "authorizer_id": "",
            "id": "bd35fmp",
            "model_selection_expression": "",
            "operation_name": "",
            "request_models": {},
            "request_parameter": [],
            "route_key": "OPTIONS /{proxy+}",
            "route_response_selection_expression": "",
            "target": "integrations/4fepdr9"
          },
          "sensitive_attributes": [],
          "private": "bnVsbA==",
          "dependencies": [
            "aws_apigatewayv2_api.hai_api",
            "aws_apigatewayv2_integration.hai_lambda",
            "aws_cloudwatch_log_group.hai_api",
            "aws_dynamodb_table.hai_data",
            "aws_iam_role.hai_api",
            "aws_iam_role_policy.hai_api_dynamodb",
            "aws_iam_role_policy.hai_api_logging",
            "aws_lambda_function.hai_api",
            "aws_lambda_layer_version.data_repositories_nodejs",
            "data.archive_file.data_repositories_nodejs_layer",
            "data.archive_file.hai_api_bundle",
            "data.aws_iam_policy_document.lambda_assume_role",
            "null_resource.data_repositories_nodejs_build",
            "null_resource.hai_lambda_build"
          ]
        }
      ]
    },
    {
      "mode": "managed",
      "type": "aws_apigatewayv2_route",
      "name": "messages_create",
      "provider": "provider[\"registry.terraform.io/hashicorp/aws\"]",
      "instances": [
        {
          "schema_version": 0,
          "attributes": {
            "api_id": "2ntyt8anuj",
            "api_key_required": false,
            "authorization_scopes": [],
            "authorization_type": "JWT",
            "authorizer_id": "e95w15",
            "id": "aoylmjd",
            "model_selection_expression": "",
            "operation_name": "",
            "request_models": {},
            "request_parameter": [],
            "route_key": "POST /api/messages",
            "route_response_selection_expression": "",
            "target": "integrations/4fepdr9"
          },
          "sensitive_attributes": [],
          "private": "bnVsbA==",
          "dependencies": [
            "aws_apigatewayv2_api.hai_api",
            "aws_apigatewayv2_authorizer.hai_cognito",
            "aws_apigatewayv2_integration.hai_lambda",
            "aws_cloudwatch_log_group.hai_api",
            "aws_cognito_user_pool.main",
            "aws_cognito_user_pool_client.main",
            "aws_dynamodb_table.hai_data",
            "aws_iam_role.hai_api",
            "aws_iam_role_policy.hai_api_dynamodb",
            "aws_iam_role_policy.hai_api_logging",
            "aws_lambda_function.hai_api",
            "aws_lambda_layer_version.data_repositories_nodejs",
            "data.archive_file.data_repositories_nodejs_layer",
            "data.archive_file.hai_api_bundle",
            "data.aws_iam_policy_document.lambda_assume_role",
            "null_resource.data_repositories_nodejs_build",
            "null_resource.hai_lambda_build"
          ]
        }
      ]
    },
    {
      "mode": "managed",
      "type": "aws_apigatewayv2_route",
      "name": "messages_delete",
      "provider": "provider[\"registry.terraform.io/hashicorp/aws\"]",
      "instances": [
        {
          "schema_version": 0,
          "attributes": {
            "api_id": "2ntyt8anuj",
            "api_key_required": false,
            "authorization_scopes": [],
            "authorization_type": "JWT",
            "authorizer_id": "e95w15",
            "id": "x5cga10",
            "model_selection_expression": "",
            "operation_name": "",
            "request_models": {},
            "request_parameter": [],
            "route_key": "DELETE /api/messages/{id}",
            "route_response_selection_expression": "",
            "target": "integrations/4fepdr9"
          },
          "sensitive_attributes": [],
          "private": "bnVsbA==",
          "dependencies": [
            "aws_apigatewayv2_api.hai_api",
            "aws_apigatewayv2_authorizer.hai_cognito",
            "aws_apigatewayv2_integration.hai_lambda",
            "aws_cloudwatch_log_group.hai_api",
            "aws_cognito_user_pool.main",
            "aws_cognito_user_pool_client.main",
            "aws_dynamodb_table.hai_data",
            "aws_iam_role.hai_api",
            "aws_iam_role_policy.hai_api_dynamodb",
            "aws_iam_role_policy.hai_api_logging",
            "aws_lambda_function.hai_api",
            "aws_lambda_layer_version.data_repositories_nodejs",
            "data.archive_file.data_repositories_nodejs_layer",
            "data.archive_file.hai_api_bundle",
            "data.aws_iam_policy_document.lambda_assume_role",
            "null_resource.data_repositories_nodejs_build",
            "null_resource.hai_lambda_build"
          ]
        }
      ]
    },
    {
      "mode": "managed",
      "type": "aws_apigatewayv2_route",
      "name": "messages_get",
      "provider": "provider[\"registry.terraform.io/hashicorp/aws\"]",
      "instances": [
        {
          "schema_version": 0,
          "attributes": {
            "api_id": "2ntyt8anuj",
            "api_key_required": false,
            "authorization_scopes": [],
            "authorization_type": "JWT",
            "authorizer_id": "e95w15",
            "id": "nly6uk4",
            "model_selection_expression": "",
            "operation_name": "",
            "request_models": {},
            "request_parameter": [],
            "route_key": "GET /api/messages/{id}",
            "route_response_selection_expression": "",
            "target": "integrations/4fepdr9"
          },
          "sensitive_attributes": [],
          "private": "bnVsbA==",
          "dependencies": [
            "aws_apigatewayv2_api.hai_api",
            "aws_apigatewayv2_authorizer.hai_cognito",
            "aws_apigatewayv2_integration.hai_lambda",
            "aws_cloudwatch_log_group.hai_api",
            "aws_cognito_user_pool.main",
            "aws_cognito_user_pool_client.main",
            "aws_dynamodb_table.hai_data",
            "aws_iam_role.hai_api",
            "aws_iam_role_policy.hai_api_dynamodb",
            "aws_iam_role_policy.hai_api_logging",
            "aws_lambda_function.hai_api",
            "aws_lambda_layer_version.data_repositories_nodejs",
            "data.archive_file.data_repositories_nodejs_layer",
            "data.archive_file.hai_api_bundle",
            "data.aws_iam_policy_document.lambda_assume_role",
            "null_resource.data_repositories_nodejs_build",
            "null_resource.hai_lambda_build"
          ]
        }
      ]
    },
    {
      "mode": "managed",
      "type": "aws_apigatewayv2_route",
      "name": "messages_list",
      "provider": "provider[\"registry.terraform.io/hashicorp/aws\"]",
      "instances": [
        {
          "schema_version": 0,
          "attributes": {
            "api_id": "2ntyt8anuj",
            "api_key_required": false,
            "authorization_scopes": [],
            "authorization_type": "JWT",
            "authorizer_id": "e95w15",
            "id": "vghs7vk",
            "model_selection_expression": "",
            "operation_name": "",
            "request_models": {},
            "request_parameter": [],
            "route_key": "GET /api/messages",
            "route_response_selection_expression": "",
            "target": "integrations/4fepdr9"
          },
          "sensitive_attributes": [],
          "private": "bnVsbA==",
          "dependencies": [
            "aws_apigatewayv2_api.hai_api",
            "aws_apigatewayv2_authorizer.hai_cognito",
            "aws_apigatewayv2_integration.hai_lambda",
            "aws_cloudwatch_log_group.hai_api",
            "aws_cognito_user_pool.main",
            "aws_cognito_user_pool_client.main",
            "aws_dynamodb_table.hai_data",
            "aws_iam_role.hai_api",
            "aws_iam_role_policy.hai_api_dynamodb",
            "aws_iam_role_policy.hai_api_logging",
            "aws_lambda_function.hai_api",
            "aws_lambda_layer_version.data_repositories_nodejs",
            "data.archive_file.data_repositories_nodejs_layer",
            "data.archive_file.hai_api_bundle",
            "data.aws_iam_policy_document.lambda_assume_role",
            "null_resource.data_repositories_nodejs_build",
            "null_resource.hai_lambda_build"
          ]
        }
      ]
    },
    {
      "mode": "managed",
      "type": "aws_apigatewayv2_route",
      "name": "messages_update",
      "provider": "provider[\"registry.terraform.io/hashicorp/aws\"]",
      "instances": [
        {
          "schema_version": 0,
          "attributes": {
            "api_id": "2ntyt8anuj",
            "api_key_required": false,
            "authorization_scopes": [],
            "authorization_type": "JWT",
            "authorizer_id": "e95w15",
            "id": "3hpu2v3",
            "model_selection_expression": "",
            "operation_name": "",
            "request_models": {},
            "request_parameter": [],
            "route_key": "PUT /api/messages/{id}",
            "route_response_selection_expression": "",
            "target": "integrations/4fepdr9"
          },
          "sensitive_attributes": [],
          "private": "bnVsbA==",
          "dependencies": [
            "aws_apigatewayv2_api.hai_api",
            "aws_apigatewayv2_authorizer.hai_cognito",
            "aws_apigatewayv2_integration.hai_lambda",
            "aws_cloudwatch_log_group.hai_api",
            "aws_cognito_user_pool.main",
            "aws_cognito_user_pool_client.main",
            "aws_dynamodb_table.hai_data",
            "aws_iam_role.hai_api",
            "aws_iam_role_policy.hai_api_dynamodb",
            "aws_iam_role_policy.hai_api_logging",
            "aws_lambda_function.hai_api",
            "aws_lambda_layer_version.data_repositories_nodejs",
            "data.archive_file.data_repositories_nodejs_layer",
            "data.archive_file.hai_api_bundle",
            "data.aws_iam_policy_document.lambda_assume_role",
            "null_resource.data_repositories_nodejs_build",
            "null_resource.hai_lambda_build"
          ]
        }
      ]
    },
    {
      "mode": "managed",
      "type": "aws_apigatewayv2_route",
      "name": "properties_create",
      "provider": "provider[\"registry.terraform.io/hashicorp/aws\"]",
      "instances": [
        {
          "schema_version": 0,
          "attributes": {
            "api_id": "2ntyt8anuj",
            "api_key_required": false,
            "authorization_scopes": [],
            "authorization_type": "JWT",
            "authorizer_id": "e95w15",
            "id": "jkf33ac",
            "model_selection_expression": "",
            "operation_name": "",
            "request_models": {},
            "request_parameter": [],
            "route_key": "POST /api/properties",
            "route_response_selection_expression": "",
            "target": "integrations/4fepdr9"
          },
          "sensitive_attributes": [],
          "private": "bnVsbA==",
          "dependencies": [
            "aws_apigatewayv2_api.hai_api",
            "aws_apigatewayv2_authorizer.hai_cognito",
            "aws_apigatewayv2_integration.hai_lambda",
            "aws_cloudwatch_log_group.hai_api",
            "aws_cognito_user_pool.main",
            "aws_cognito_user_pool_client.main",
            "aws_dynamodb_table.hai_data",
            "aws_iam_role.hai_api",
            "aws_iam_role_policy.hai_api_dynamodb",
            "aws_iam_role_policy.hai_api_logging",
            "aws_lambda_function.hai_api",
            "aws_lambda_layer_version.data_repositories_nodejs",
            "data.archive_file.data_repositories_nodejs_layer",
            "data.archive_file.hai_api_bundle",
            "data.aws_iam_policy_document.lambda_assume_role",
            "null_resource.data_repositories_nodejs_build",
            "null_resource.hai_lambda_build"
          ]
        }
      ]
    },
    {
      "mode": "managed",
      "type": "aws_apigatewayv2_route",
      "name": "properties_delete",
      "provider": "provider[\"registry.terraform.io/hashicorp/aws\"]",
      "instances": [
        {
          "schema_version": 0,
          "attributes": {
            "api_id": "2ntyt8anuj",
            "api_key_required": false,
            "authorization_scopes": [],
            "authorization_type": "JWT",
            "authorizer_id": "e95w15",
            "id": "48of51f",
            "model_selection_expression": "",
            "operation_name": "",
            "request_models": {},
            "request_parameter": [],
            "route_key": "DELETE /api/properties/{id}",
            "route_response_selection_expression": "",
            "target": "integrations/4fepdr9"
          },
          "sensitive_attributes": [],
          "private": "bnVsbA==",
          "dependencies": [
            "aws_apigatewayv2_api.hai_api",
            "aws_apigatewayv2_authorizer.hai_cognito",
            "aws_apigatewayv2_integration.hai_lambda",
            "aws_cloudwatch_log_group.hai_api",
            "aws_cognito_user_pool.main",
            "aws_cognito_user_pool_client.main",
            "aws_dynamodb_table.hai_data",
            "aws_iam_role.hai_api",
            "aws_iam_role_policy.hai_api_dynamodb",
            "aws_iam_role_policy.hai_api_logging",
            "aws_lambda_function.hai_api",
            "aws_lambda_layer_version.data_repositories_nodejs",
            "data.archive_file.data_repositories_nodejs_layer",
            "data.archive_file.hai_api_bundle",
            "data.aws_iam_policy_document.lambda_assume_role",
            "null_resource.data_repositories_nodejs_build",
            "null_resource.hai_lambda_build"
          ]
        }
      ]
    },
    {
      "mode": "managed",
      "type": "aws_apigatewayv2_route",
      "name": "properties_get",
      "provider": "provider[\"registry.terraform.io/hashicorp/aws\"]",
      "instances": [
        {
          "schema_version": 0,
          "attributes": {
            "api_id": "2ntyt8anuj",
            "api_key_required": false,
            "authorization_scopes": [],
            "authorization_type": "JWT",
            "authorizer_id": "e95w15",
            "id": "lct51at",
            "model_selection_expression": "",
            "operation_name": "",
            "request_models": {},
            "request_parameter": [],
            "route_key": "GET /api/properties/{id}",
            "route_response_selection_expression": "",
            "target": "integrations/4fepdr9"
          },
          "sensitive_attributes": [],
          "private": "bnVsbA==",
          "dependencies": [
            "aws_apigatewayv2_api.hai_api",
            "aws_apigatewayv2_authorizer.hai_cognito",
            "aws_apigatewayv2_integration.hai_lambda",
            "aws_cloudwatch_log_group.hai_api",
            "aws_cognito_user_pool.main",
            "aws_cognito_user_pool_client.main",
            "aws_dynamodb_table.hai_data",
            "aws_iam_role.hai_api",
            "aws_iam_role_policy.hai_api_dynamodb",
            "aws_iam_role_policy.hai_api_logging",
            "aws_lambda_function.hai_api",
            "aws_lambda_layer_version.data_repositories_nodejs",
            "data.archive_file.data_repositories_nodejs_layer",
            "data.archive_file.hai_api_bundle",
            "data.aws_iam_policy_document.lambda_assume_role",
            "null_resource.data_repositories_nodejs_build",
            "null_resource.hai_lambda_build"
          ]
        }
      ]
    },
    {
      "mode": "managed",
      "type": "aws_apigatewayv2_route",
      "name": "properties_list",
      "provider": "provider[\"registry.terraform.io/hashicorp/aws\"]",
      "instances": [
        {
          "schema_version": 0,
          "attributes": {
            "api_id": "2ntyt8anuj",
            "api_key_required": false,
            "authorization_scopes": [],
            "authorization_type": "JWT",
            "authorizer_id": "e95w15",
            "id": "fxg6zxa",
            "model_selection_expression": "",
            "operation_name": "",
            "request_models": {},
            "request_parameter": [],
            "route_key": "GET /api/properties",
            "route_response_selection_expression": "",
            "target": "integrations/4fepdr9"
          },
          "sensitive_attributes": [],
          "private": "bnVsbA==",
          "dependencies": [
            "aws_apigatewayv2_api.hai_api",
            "aws_apigatewayv2_authorizer.hai_cognito",
            "aws_apigatewayv2_integration.hai_lambda",
            "aws_cloudwatch_log_group.hai_api",
            "aws_cognito_user_pool.main",
            "aws_cognito_user_pool_client.main",
            "aws_dynamodb_table.hai_data",
            "aws_iam_role.hai_api",
            "aws_iam_role_policy.hai_api_dynamodb",
            "aws_iam_role_policy.hai_api_logging",
            "aws_lambda_function.hai_api",
            "aws_lambda_layer_version.data_repositories_nodejs",
            "data.archive_file.data_repositories_nodejs_layer",
            "data.archive_file.hai_api_bundle",
            "data.aws_iam_policy_document.lambda_assume_role",
            "null_resource.data_repositories_nodejs_build",
            "null_resource.hai_lambda_build"
          ]
        }
      ]
    },
    {
      "mode": "managed",
      "type": "aws_apigatewayv2_route",
      "name": "properties_update",
      "provider": "provider[\"registry.terraform.io/hashicorp/aws\"]",
      "instances": [
        {
          "schema_version": 0,
          "attributes": {
            "api_id": "2ntyt8anuj",
            "api_key_required": false,
            "authorization_scopes": [],
            "authorization_type": "JWT",
            "authorizer_id": "e95w15",
            "id": "pxsmo6c",
            "model_selection_expression": "",
            "operation_name": "",
            "request_models": {},
            "request_parameter": [],
            "route_key": "PUT /api/properties/{id}",
            "route_response_selection_expression": "",
            "target": "integrations/4fepdr9"
          },
          "sensitive_attributes": [],
          "private": "bnVsbA==",
          "dependencies": [
            "aws_apigatewayv2_api.hai_api",
            "aws_apigatewayv2_authorizer.hai_cognito",
            "aws_apigatewayv2_integration.hai_lambda",
            "aws_cloudwatch_log_group.hai_api",
            "aws_cognito_user_pool.main",
            "aws_cognito_user_pool_client.main",
            "aws_dynamodb_table.hai_data",
            "aws_iam_role.hai_api",
            "aws_iam_role_policy.hai_api_dynamodb",
            "aws_iam_role_policy.hai_api_logging",
            "aws_lambda_function.hai_api",
            "aws_lambda_layer_version.data_repositories_nodejs",
            "data.archive_file.data_repositories_nodejs_layer",
            "data.archive_file.hai_api_bundle",
            "data.aws_iam_policy_document.lambda_assume_role",
            "null_resource.data_repositories_nodejs_build",
            "null_resource.hai_lambda_build"
          ]
        }
      ]
    },
    {
      "mode": "managed",
      "type": "aws_apigatewayv2_route",
      "name": "reservations_create",
      "provider": "provider[\"registry.terraform.io/hashicorp/aws\"]",
      "instances": [
        {
          "schema_version": 0,
          "attributes": {
            "api_id": "2ntyt8anuj",
            "api_key_required": false,
            "authorization_scopes": [],
            "authorization_type": "JWT",
            "authorizer_id": "e95w15",
            "id": "knpj2k4",
            "model_selection_expression": "",
            "operation_name": "",
            "request_models": {},
            "request_parameter": [],
            "route_key": "POST /api/reservations",
            "route_response_selection_expression": "",
            "target": "integrations/4fepdr9"
          },
          "sensitive_attributes": [],
          "private": "bnVsbA==",
          "dependencies": [
            "aws_apigatewayv2_api.hai_api",
            "aws_apigatewayv2_authorizer.hai_cognito",
            "aws_apigatewayv2_integration.hai_lambda",
            "aws_cloudwatch_log_group.hai_api",
            "aws_cognito_user_pool.main",
            "aws_cognito_user_pool_client.main",
            "aws_dynamodb_table.hai_data",
            "aws_iam_role.hai_api",
            "aws_iam_role_policy.hai_api_dynamodb",
            "aws_iam_role_policy.hai_api_logging",
            "aws_lambda_function.hai_api",
            "aws_lambda_layer_version.data_repositories_nodejs",
            "data.archive_file.data_repositories_nodejs_layer",
            "data.archive_file.hai_api_bundle",
            "data.aws_iam_policy_document.lambda_assume_role",
            "null_resource.data_repositories_nodejs_build",
            "null_resource.hai_lambda_build"
          ]
        }
      ]
    },
    {
      "mode": "managed",
      "type": "aws_apigatewayv2_route",
      "name": "reservations_delete",
      "provider": "provider[\"registry.terraform.io/hashicorp/aws\"]",
      "instances": [
        {
          "schema_version": 0,
          "attributes": {
            "api_id": "2ntyt8anuj",
            "api_key_required": false,
            "authorization_scopes": [],
            "authorization_type": "JWT",
            "authorizer_id": "e95w15",
            "id": "6jox3o3",
            "model_selection_expression": "",
            "operation_name": "",
            "request_models": {},
            "request_parameter": [],
            "route_key": "DELETE /api/reservations/{id}",
            "route_response_selection_expression": "",
            "target": "integrations/4fepdr9"
          },
          "sensitive_attributes": [],
          "private": "bnVsbA==",
          "dependencies": [
            "aws_apigatewayv2_api.hai_api",
            "aws_apigatewayv2_authorizer.hai_cognito",
            "aws_apigatewayv2_integration.hai_lambda",
            "aws_cloudwatch_log_group.hai_api",
            "aws_cognito_user_pool.main",
            "aws_cognito_user_pool_client.main",
            "aws_dynamodb_table.hai_data",
            "aws_iam_role.hai_api",
            "aws_iam_role_policy.hai_api_dynamodb",
            "aws_iam_role_policy.hai_api_logging",
            "aws_lambda_function.hai_api",
            "aws_lambda_layer_version.data_repositories_nodejs",
            "data.archive_file.data_repositories_nodejs_layer",
            "data.archive_file.hai_api_bundle",
            "data.aws_iam_policy_document.lambda_assume_role",
            "null_resource.data_repositories_nodejs_build",
            "null_resource.hai_lambda_build"
          ]
        }
      ]
    },
    {
      "mode": "managed",
      "type": "aws_apigatewayv2_route",
      "name": "reservations_get",
      "provider": "provider[\"registry.terraform.io/hashicorp/aws\"]",
      "instances": [
        {
          "schema_version": 0,
          "attributes": {
            "api_id": "2ntyt8anuj",
            "api_key_required": false,
            "authorization_scopes": [],
            "authorization_type": "JWT",
            "authorizer_id": "e95w15",
            "id": "c5ysx5h",
            "model_selection_expression": "",
            "operation_name": "",
            "request_models": {},
            "request_parameter": [],
            "route_key": "GET /api/reservations/{id}",
            "route_response_selection_expression": "",
            "target": "integrations/4fepdr9"
          },
          "sensitive_attributes": [],
          "private": "bnVsbA==",
          "dependencies": [
            "aws_apigatewayv2_api.hai_api",
            "aws_apigatewayv2_authorizer.hai_cognito",
            "aws_apigatewayv2_integration.hai_lambda",
            "aws_cloudwatch_log_group.hai_api",
            "aws_cognito_user_pool.main",
            "aws_cognito_user_pool_client.main",
            "aws_dynamodb_table.hai_data",
            "aws_iam_role.hai_api",
            "aws_iam_role_policy.hai_api_dynamodb",
            "aws_iam_role_policy.hai_api_logging",
            "aws_lambda_function.hai_api",
            "aws_lambda_layer_version.data_repositories_nodejs",
            "data.archive_file.data_repositories_nodejs_layer",
            "data.archive_file.hai_api_bundle",
            "data.aws_iam_policy_document.lambda_assume_role",
            "null_resource.data_repositories_nodejs_build",
            "null_resource.hai_lambda_build"
          ]
        }
      ]
    },
    {
      "mode": "managed",
      "type": "aws_apigatewayv2_route",
      "name": "reservations_list",
      "provider": "provider[\"registry.terraform.io/hashicorp/aws\"]",
      "instances": [
        {
          "schema_version": 0,
          "attributes": {
            "api_id": "2ntyt8anuj",
            "api_key_required": false,
            "authorization_scopes": [],
            "authorization_type": "JWT",
            "authorizer_id": "e95w15",
            "id": "y0hfhhm",
            "model_selection_expression": "",
            "operation_name": "",
            "request_models": {},
            "request_parameter": [],
            "route_key": "GET /api/reservations",
            "route_response_selection_expression": "",
            "target": "integrations/4fepdr9"
          },
          "sensitive_attributes": [],
          "private": "bnVsbA==",
          "dependencies": [
            "aws_apigatewayv2_api.hai_api",
            "aws_apigatewayv2_authorizer.hai_cognito",
            "aws_apigatewayv2_integration.hai_lambda",
            "aws_cloudwatch_log_group.hai_api",
            "aws_cognito_user_pool.main",
            "aws_cognito_user_pool_client.main",
            "aws_dynamodb_table.hai_data",
            "aws_iam_role.hai_api",
            "aws_iam_role_policy.hai_api_dynamodb",
            "aws_iam_role_policy.hai_api_logging",
            "aws_lambda_function.hai_api",
            "aws_lambda_layer_version.data_repositories_nodejs",
            "data.archive_file.data_repositories_nodejs_layer",
            "data.archive_file.hai_api_bundle",
            "data.aws_iam_policy_document.lambda_assume_role",
            "null_resource.data_repositories_nodejs_build",
            "null_resource.hai_lambda_build"
          ]
        }
      ]
    },
    {
      "mode": "managed",
      "type": "aws_apigatewayv2_route",
      "name": "reservations_update",
      "provider": "provider[\"registry.terraform.io/hashicorp/aws\"]",
      "instances": [
        {
          "schema_version": 0,
          "attributes": {
            "api_id": "2ntyt8anuj",
            "api_key_required": false,
            "authorization_scopes": [],
            "authorization_type": "JWT",
            "authorizer_id": "e95w15",
            "id": "in40v0t",
            "model_selection_expression": "",
            "operation_name": "",
            "request_models": {},
            "request_parameter": [],
            "route_key": "PUT /api/reservations/{id}",
            "route_response_selection_expression": "",
            "target": "integrations/4fepdr9"
          },
          "sensitive_attributes": [],
          "private": "bnVsbA==",
          "dependencies": [
            "aws_apigatewayv2_api.hai_api",
            "aws_apigatewayv2_authorizer.hai_cognito",
            "aws_apigatewayv2_integration.hai_lambda",
            "aws_cloudwatch_log_group.hai_api",
            "aws_cognito_user_pool.main",
            "aws_cognito_user_pool_client.main",
            "aws_dynamodb_table.hai_data",
            "aws_iam_role.hai_api",
            "aws_iam_role_policy.hai_api_dynamodb",
            "aws_iam_role_policy.hai_api_logging",
            "aws_lambda_function.hai_api",
            "aws_lambda_layer_version.data_repositories_nodejs",
            "data.archive_file.data_repositories_nodejs_layer",
            "data.archive_file.hai_api_bundle",
            "data.aws_iam_policy_document.lambda_assume_role",
            "null_resource.data_repositories_nodejs_build",
            "null_resource.hai_lambda_build"
          ]
        }
      ]
    },
    {
      "mode": "managed",
      "type": "aws_apigatewayv2_route",
      "name": "staff_create",
      "provider": "provider[\"registry.terraform.io/hashicorp/aws\"]",
      "instances": [
        {
          "schema_version": 0,
          "attributes": {
            "api_id": "2ntyt8anuj",
            "api_key_required": false,
            "authorization_scopes": [],
            "authorization_type": "JWT",
            "authorizer_id": "e95w15",
            "id": "hggcvwn",
            "model_selection_expression": "",
            "operation_name": "",
            "request_models": {},
            "request_parameter": [],
            "route_key": "POST /api/staff",
            "route_response_selection_expression": "",
            "target": "integrations/4fepdr9"
          },
          "sensitive_attributes": [],
          "private": "bnVsbA==",
          "dependencies": [
            "aws_apigatewayv2_api.hai_api",
            "aws_apigatewayv2_authorizer.hai_cognito",
            "aws_apigatewayv2_integration.hai_lambda",
            "aws_cloudwatch_log_group.hai_api",
            "aws_cognito_user_pool.main",
            "aws_cognito_user_pool_client.main",
            "aws_dynamodb_table.hai_data",
            "aws_iam_role.hai_api",
            "aws_iam_role_policy.hai_api_dynamodb",
            "aws_iam_role_policy.hai_api_logging",
            "aws_lambda_function.hai_api",
            "aws_lambda_layer_version.data_repositories_nodejs",
            "data.archive_file.data_repositories_nodejs_layer",
            "data.archive_file.hai_api_bundle",
            "data.aws_iam_policy_document.lambda_assume_role",
            "null_resource.data_repositories_nodejs_build",
            "null_resource.hai_lambda_build"
          ]
        }
      ]
    },
    {
      "mode": "managed",
      "type": "aws_apigatewayv2_route",
      "name": "staff_delete",
      "provider": "provider[\"registry.terraform.io/hashicorp/aws\"]",
      "instances": [
        {
          "schema_version": 0,
          "attributes": {
            "api_id": "2ntyt8anuj",
            "api_key_required": false,
            "authorization_scopes": [],
            "authorization_type": "JWT",
            "authorizer_id": "e95w15",
            "id": "fjw09v8",
            "model_selection_expression": "",
            "operation_name": "",
            "request_models": {},
            "request_parameter": [],
            "route_key": "DELETE /api/staff/{id}",
            "route_response_selection_expression": "",
            "target": "integrations/4fepdr9"
          },
          "sensitive_attributes": [],
          "private": "bnVsbA==",
          "dependencies": [
            "aws_apigatewayv2_api.hai_api",
            "aws_apigatewayv2_authorizer.hai_cognito",
            "aws_apigatewayv2_integration.hai_lambda",
            "aws_cloudwatch_log_group.hai_api",
            "aws_cognito_user_pool.main",
            "aws_cognito_user_pool_client.main",
            "aws_dynamodb_table.hai_data",
            "aws_iam_role.hai_api",
            "aws_iam_role_policy.hai_api_dynamodb",
            "aws_iam_role_policy.hai_api_logging",
            "aws_lambda_function.hai_api",
            "aws_lambda_layer_version.data_repositories_nodejs",
            "data.archive_file.data_repositories_nodejs_layer",
            "data.archive_file.hai_api_bundle",
            "data.aws_iam_policy_document.lambda_assume_role",
            "null_resource.data_repositories_nodejs_build",
            "null_resource.hai_lambda_build"
          ]
        }
      ]
    },
    {
      "mode": "managed",
      "type": "aws_apigatewayv2_route",
      "name": "staff_get",
      "provider": "provider[\"registry.terraform.io/hashicorp/aws\"]",
      "instances": [
        {
          "schema_version": 0,
          "attributes": {
            "api_id": "2ntyt8anuj",
            "api_key_required": false,
            "authorization_scopes": [],
            "authorization_type": "JWT",
            "authorizer_id": "e95w15",
            "id": "4u5vu4u",
            "model_selection_expression": "",
            "operation_name": "",
            "request_models": {},
            "request_parameter": [],
            "route_key": "GET /api/staff/{id}",
            "route_response_selection_expression": "",
            "target": "integrations/4fepdr9"
          },
          "sensitive_attributes": [],
          "private": "bnVsbA==",
          "dependencies": [
            "aws_apigatewayv2_api.hai_api",
            "aws_apigatewayv2_authorizer.hai_cognito",
            "aws_apigatewayv2_integration.hai_lambda",
            "aws_cloudwatch_log_group.hai_api",
            "aws_cognito_user_pool.main",
            "aws_cognito_user_pool_client.main",
            "aws_dynamodb_table.hai_data",
            "aws_iam_role.hai_api",
            "aws_iam_role_policy.hai_api_dynamodb",
            "aws_iam_role_policy.hai_api_logging",
            "aws_lambda_function.hai_api",
            "aws_lambda_layer_version.data_repositories_nodejs",
            "data.archive_file.data_repositories_nodejs_layer",
            "data.archive_file.hai_api_bundle",
            "data.aws_iam_policy_document.lambda_assume_role",
            "null_resource.data_repositories_nodejs_build",
            "null_resource.hai_lambda_build"
          ]
        }
      ]
    },
    {
      "mode": "managed",
      "type": "aws_apigatewayv2_route",
      "name": "staff_list",
      "provider": "provider[\"registry.terraform.io/hashicorp/aws\"]",
      "instances": [
        {
          "schema_version": 0,
          "attributes": {
            "api_id": "2ntyt8anuj",
            "api_key_required": false,
            "authorization_scopes": [],
            "authorization_type": "JWT",
            "authorizer_id": "e95w15",
            "id": "v45x1eu",
            "model_selection_expression": "",
            "operation_name": "",
            "request_models": {},
            "request_parameter": [],
            "route_key": "GET /api/staff",
            "route_response_selection_expression": "",
            "target": "integrations/4fepdr9"
          },
          "sensitive_attributes": [],
          "private": "bnVsbA==",
          "dependencies": [
            "aws_apigatewayv2_api.hai_api",
            "aws_apigatewayv2_authorizer.hai_cognito",
            "aws_apigatewayv2_integration.hai_lambda",
            "aws_cloudwatch_log_group.hai_api",
            "aws_cognito_user_pool.main",
            "aws_cognito_user_pool_client.main",
            "aws_dynamodb_table.hai_data",
            "aws_iam_role.hai_api",
            "aws_iam_role_policy.hai_api_dynamodb",
            "aws_iam_role_policy.hai_api_logging",
            "aws_lambda_function.hai_api",
            "aws_lambda_layer_version.data_repositories_nodejs",
            "data.archive_file.data_repositories_nodejs_layer",
            "data.archive_file.hai_api_bundle",
            "data.aws_iam_policy_document.lambda_assume_role",
            "null_resource.data_repositories_nodejs_build",
            "null_resource.hai_lambda_build"
          ]
        }
      ]
    },
    {
      "mode": "managed",
      "type": "aws_apigatewayv2_route",
      "name": "staff_update",
      "provider": "provider[\"registry.terraform.io/hashicorp/aws\"]",
      "instances": [
        {
          "schema_version": 0,
          "attributes": {
            "api_id": "2ntyt8anuj",
            "api_key_required": false,
            "authorization_scopes": [],
            "authorization_type": "JWT",
            "authorizer_id": "e95w15",
            "id": "shu6v3m",
            "model_selection_expression": "",
            "operation_name": "",
            "request_models": {},
            "request_parameter": [],
            "route_key": "PUT /api/staff/{id}",
            "route_response_selection_expression": "",
            "target": "integrations/4fepdr9"
          },
          "sensitive_attributes": [],
          "private": "bnVsbA==",
          "dependencies": [
            "aws_apigatewayv2_api.hai_api",
            "aws_apigatewayv2_authorizer.hai_cognito",
            "aws_apigatewayv2_integration.hai_lambda",
            "aws_cloudwatch_log_group.hai_api",
            "aws_cognito_user_pool.main",
            "aws_cognito_user_pool_client.main",
            "aws_dynamodb_table.hai_data",
            "aws_iam_role.hai_api",
            "aws_iam_role_policy.hai_api_dynamodb",
            "aws_iam_role_policy.hai_api_logging",
            "aws_lambda_function.hai_api",
            "aws_lambda_layer_version.data_repositories_nodejs",
            "data.archive_file.data_repositories_nodejs_layer",
            "data.archive_file.hai_api_bundle",
            "data.aws_iam_policy_document.lambda_assume_role",
            "null_resource.data_repositories_nodejs_build",
            "null_resource.hai_lambda_build"
          ]
        }
      ]
    },
    {
      "mode": "managed",
      "type": "aws_apigatewayv2_route",
      "name": "tasks_create",
      "provider": "provider[\"registry.terraform.io/hashicorp/aws\"]",
      "instances": [
        {
          "schema_version": 0,
          "attributes": {
            "api_id": "2ntyt8anuj",
            "api_key_required": false,
            "authorization_scopes": [],
            "authorization_type": "JWT",
            "authorizer_id": "e95w15",
            "id": "p7wv15v",
            "model_selection_expression": "",
            "operation_name": "",
            "request_models": {},
            "request_parameter": [],
            "route_key": "POST /api/tasks",
            "route_response_selection_expression": "",
            "target": "integrations/4fepdr9"
          },
          "sensitive_attributes": [],
          "private": "bnVsbA==",
          "dependencies": [
            "aws_apigatewayv2_api.hai_api",
            "aws_apigatewayv2_authorizer.hai_cognito",
            "aws_apigatewayv2_integration.hai_lambda",
            "aws_cloudwatch_log_group.hai_api",
            "aws_cognito_user_pool.main",
            "aws_cognito_user_pool_client.main",
            "aws_dynamodb_table.hai_data",
            "aws_iam_role.hai_api",
            "aws_iam_role_policy.hai_api_dynamodb",
            "aws_iam_role_policy.hai_api_logging",
            "aws_lambda_function.hai_api",
            "aws_lambda_layer_version.data_repositories_nodejs",
            "data.archive_file.data_repositories_nodejs_layer",
            "data.archive_file.hai_api_bundle",
            "data.aws_iam_policy_document.lambda_assume_role",
            "null_resource.data_repositories_nodejs_build",
            "null_resource.hai_lambda_build"
          ]
        }
      ]
    },
    {
      "mode": "managed",
      "type": "aws_apigatewayv2_route",
      "name": "tasks_delete",
      "provider": "provider[\"registry.terraform.io/hashicorp/aws\"]",
      "instances": [
        {
          "schema_version": 0,
          "attributes": {
            "api_id": "2ntyt8anuj",
            "api_key_required": false,
            "authorization_scopes": [],
            "authorization_type": "JWT",
            "authorizer_id": "e95w15",
            "id": "p5hwj1n",
            "model_selection_expression": "",
            "operation_name": "",
            "request_models": {},
            "request_parameter": [],
            "route_key": "DELETE /api/tasks/{id}",
            "route_response_selection_expression": "",
            "target": "integrations/4fepdr9"
          },
          "sensitive_attributes": [],
          "private": "bnVsbA==",
          "dependencies": [
            "aws_apigatewayv2_api.hai_api",
            "aws_apigatewayv2_authorizer.hai_cognito",
            "aws_apigatewayv2_integration.hai_lambda",
            "aws_cloudwatch_log_group.hai_api",
            "aws_cognito_user_pool.main",
            "aws_cognito_user_pool_client.main",
            "aws_dynamodb_table.hai_data",
            "aws_iam_role.hai_api",
            "aws_iam_role_policy.hai_api_dynamodb",
            "aws_iam_role_policy.hai_api_logging",
            "aws_lambda_function.hai_api",
            "aws_lambda_layer_version.data_repositories_nodejs",
            "data.archive_file.data_repositories_nodejs_layer",
            "data.archive_file.hai_api_bundle",
            "data.aws_iam_policy_document.lambda_assume_role",
            "null_resource.data_repositories_nodejs_build",
            "null_resource.hai_lambda_build"
          ]
        }
      ]
    },
    {
      "mode": "managed",
      "type": "aws_apigatewayv2_route",
      "name": "tasks_get",
      "provider": "provider[\"registry.terraform.io/hashicorp/aws\"]",
      "instances": [
        {
          "schema_version": 0,
          "attributes": {
            "api_id": "2ntyt8anuj",
            "api_key_required": false,
            "authorization_scopes": [],
            "authorization_type": "JWT",
            "authorizer_id": "e95w15",
            "id": "wn20n6t",
            "model_selection_expression": "",
            "operation_name": "",
            "request_models": {},
            "request_parameter": [],
            "route_key": "GET /api/tasks/{id}",
            "route_response_selection_expression": "",
            "target": "integrations/4fepdr9"
          },
          "sensitive_attributes": [],
          "private": "bnVsbA==",
          "dependencies": [
            "aws_apigatewayv2_api.hai_api",
            "aws_apigatewayv2_authorizer.hai_cognito",
            "aws_apigatewayv2_integration.hai_lambda",
            "aws_cloudwatch_log_group.hai_api",
            "aws_cognito_user_pool.main",
            "aws_cognito_user_pool_client.main",
            "aws_dynamodb_table.hai_data",
            "aws_iam_role.hai_api",
            "aws_iam_role_policy.hai_api_dynamodb",
            "aws_iam_role_policy.hai_api_logging",
            "aws_lambda_function.hai_api",
            "aws_lambda_layer_version.data_repositories_nodejs",
            "data.archive_file.data_repositories_nodejs_layer",
            "data.archive_file.hai_api_bundle",
            "data.aws_iam_policy_document.lambda_assume_role",
            "null_resource.data_repositories_nodejs_build",
            "null_resource.hai_lambda_build"
          ]
        }
      ]
    },
    {
      "mode": "managed",
      "type": "aws_apigatewayv2_route",
      "name": "tasks_list",
      "provider": "provider[\"registry.terraform.io/hashicorp/aws\"]",
      "instances": [
        {
          "schema_version": 0,
          "attributes": {
            "api_id": "2ntyt8anuj",
            "api_key_required": false,
            "authorization_scopes": [],
            "authorization_type": "JWT",
            "authorizer_id": "e95w15",
            "id": "8jftg3i",
            "model_selection_expression": "",
            "operation_name": "",
            "request_models": {},
            "request_parameter": [],
            "route_key": "GET /api/tasks",
            "route_response_selection_expression": "",
            "target": "integrations/4fepdr9"
          },
          "sensitive_attributes": [],
          "private": "bnVsbA==",
          "dependencies": [
            "aws_apigatewayv2_api.hai_api",
            "aws_apigatewayv2_authorizer.hai_cognito",
            "aws_apigatewayv2_integration.hai_lambda",
            "aws_cloudwatch_log_group.hai_api",
            "aws_cognito_user_pool.main",
            "aws_cognito_user_pool_client.main",
            "aws_dynamodb_table.hai_data",
            "aws_iam_role.hai_api",
            "aws_iam_role_policy.hai_api_dynamodb",
            "aws_iam_role_policy.hai_api_logging",
            "aws_lambda_function.hai_api",
            "aws_lambda_layer_version.data_repositories_nodejs",
            "data.archive_file.data_repositories_nodejs_layer",
            "data.archive_file.hai_api_bundle",
            "data.aws_iam_policy_document.lambda_assume_role",
            "null_resource.data_repositories_nodejs_build",
            "null_resource.hai_lambda_build"
          ]
        }
      ]
    },
    {
      "mode": "managed",
      "type": "aws_apigatewayv2_route",
      "name": "tasks_update",
      "provider": "provider[\"registry.terraform.io/hashicorp/aws\"]",
      "instances": [
        {
          "schema_version": 0,
          "attributes": {
            "api_id": "2ntyt8anuj",
            "api_key_required": false,
            "authorization_scopes": [],
            "authorization_type": "JWT",
            "authorizer_id": "e95w15",
            "id": "5lv30ah",
            "model_selection_expression": "",
            "operation_name": "",
            "request_models": {},
            "request_parameter": [],
            "route_key": "PUT /api/tasks/{id}",
            "route_response_selection_expression": "",
            "target": "integrations/4fepdr9"
          },
          "sensitive_attributes": [],
          "private": "bnVsbA==",
          "dependencies": [
            "aws_apigatewayv2_api.hai_api",
            "aws_apigatewayv2_authorizer.hai_cognito",
            "aws_apigatewayv2_integration.hai_lambda",
            "aws_cloudwatch_log_group.hai_api",
            "aws_cognito_user_pool.main",
            "aws_cognito_user_pool_client.main",
            "aws_dynamodb_table.hai_data",
            "aws_iam_role.hai_api",
            "aws_iam_role_policy.hai_api_dynamodb",
            "aws_iam_role_policy.hai_api_logging",
            "aws_lambda_function.hai_api",
            "aws_lambda_layer_version.data_repositories_nodejs",
            "data.archive_file.data_repositories_nodejs_layer",
            "data.archive_file.hai_api_bundle",
            "data.aws_iam_policy_document.lambda_assume_role",
            "null_resource.data_repositories_nodejs_build",
            "null_resource.hai_lambda_build"
          ]
        }
      ]
    },
    {
      "mode": "managed",
      "type": "aws_apigatewayv2_stage",
      "name": "hai_default",
      "provider": "provider[\"registry.terraform.io/hashicorp/aws\"]",
      "instances": [
        {
          "schema_version": 0,
          "attributes": {
            "access_log_settings": [
              {
                "destination_arn": "arn:aws:logs:eu-central-1:640185168982:log-group:/aws/apigateway/hai-frontend-dev-hai-api",
                "format": "{\"error\":\"$context.error.message\",\"httpMethod\":\"$context.httpMethod\",\"ip\":\"$context.identity.sourceIp\",\"protocol\":\"$context.protocol\",\"requestId\":\"$context.requestId\",\"requestTime\":\"$context.requestTime\",\"responseLength\":\"$context.responseLength\",\"routeKey\":\"$context.routeKey\",\"status\":\"$context.status\"}"
              }
            ],
            "api_id": "2ntyt8anuj",
            "arn": "arn:aws:apigateway:eu-central-1::/apis/2ntyt8anuj/stages/$default",
            "auto_deploy": true,
            "client_certificate_id": "",
            "default_route_settings": [
              {
                "data_trace_enabled": false,
                "detailed_metrics_enabled": false,
                "logging_level": "",
                "throttling_burst_limit": 0,
                "throttling_rate_limit": 0
              }
            ],
            "deployment_id": "m07n36",
            "description": "",
            "execution_arn": "arn:aws:execute-api:eu-central-1:640185168982:2ntyt8anuj/$default",
            "id": "$default",
            "invoke_url": "https://2ntyt8anuj.execute-api.eu-central-1.amazonaws.com/",
            "name": "$default",
            "route_settings": [],
            "stage_variables": {},
            "tags": {
              "Environment": "dev",
              "ManagedBy": "terraform",
              "Project": "hai-frontend"
            },
            "tags_all": {
              "Environment": "dev",
              "ManagedBy": "terraform",
              "Project": "hai-frontend"
            }
          },
          "sensitive_attributes": [],
          "private": "bnVsbA==",
          "dependencies": [
            "aws_apigatewayv2_api.hai_api",
            "aws_cloudwatch_log_group.hai_api_gateway"
          ]
        }
      ]
    },
    {
      "mode": "managed",
      "type": "aws_cloudfront_distribution",
      "name": "site",
      "provider": "provider[\"registry.terraform.io/hashicorp/aws\"]",
      "instances": [
        {
          "schema_version": 1,
          "attributes": {
            "aliases": [],
            "arn": "arn:aws:cloudfront::640185168982:distribution/E2RBZP3YQ6YB2U",
            "caller_reference": "terraform-20251005184434781400000001",
            "comment": "Distribution for hai-frontend dev",
            "continuous_deployment_policy_id": "",
            "custom_error_response": [
              {
                "error_caching_min_ttl": 0,
                "error_code": 403,
                "response_code": 200,
                "response_page_path": "/index.html"
              },
              {
                "error_caching_min_ttl": 0,
                "error_code": 404,
                "response_code": 200,
                "response_page_path": "/index.html"
              }
            ],
            "default_cache_behavior": [
              {
                "allowed_methods": [
                  "GET",
                  "HEAD"
                ],
                "cache_policy_id": "658327ea-f89d-4fab-a63d-7e88639e58f6",
                "cached_methods": [
                  "GET",
                  "HEAD"
                ],
                "compress": true,
                "default_ttl": 0,
                "field_level_encryption_id": "",
                "forwarded_values": [],
                "function_association": [],
                "grpc_config": [
                  {
                    "enabled": false
                  }
                ],
                "lambda_function_association": [],
                "max_ttl": 0,
                "min_ttl": 0,
                "origin_request_policy_id": "",
                "realtime_log_config_arn": "",
                "response_headers_policy_id": "67f7725c-6f97-4210-82d7-5512b31e9d03",
                "smooth_streaming": false,
                "target_origin_id": "s3-web-origin",
                "trusted_key_groups": [],
                "trusted_signers": [],
                "viewer_protocol_policy": "redirect-to-https"
              }
            ],
            "default_root_object": "index.html",
            "domain_name": "d1cus83lrz11k.cloudfront.net",
            "enabled": true,
            "etag": "E32G7J2A9JK7RK",
            "hosted_zone_id": "Z2FDTNDATAQYW2",
            "http_version": "http2",
            "id": "E2RBZP3YQ6YB2U",
            "in_progress_validation_batches": 0,
            "is_ipv6_enabled": true,
            "last_modified_time": "2025-11-23 15:08:18.608 +0000 UTC",
            "logging_config": [],
            "ordered_cache_behavior": [
              {
                "allowed_methods": [
                  "DELETE",
                  "GET",
                  "HEAD",
                  "OPTIONS",
                  "PATCH",
                  "POST",
                  "PUT"
                ],
                "cache_policy_id": "4135ea2d-6df8-44a3-9df3-4b5a84be39ad",
                "cached_methods": [
                  "GET",
                  "HEAD"
                ],
                "compress": true,
                "default_ttl": 0,
                "field_level_encryption_id": "",
                "forwarded_values": [],
                "function_association": [],
                "grpc_config": [
                  {
                    "enabled": false
                  }
                ],
                "lambda_function_association": [],
                "max_ttl": 0,
                "min_ttl": 0,
                "origin_request_policy_id": "b689b0a8-53d0-40ab-baf2-68738e2966ac",
                "path_pattern": "/api/*",
                "realtime_log_config_arn": "",
                "response_headers_policy_id": "",
                "smooth_streaming": false,
                "target_origin_id": "HAI-API",
                "trusted_key_groups": [],
                "trusted_signers": [],
                "viewer_protocol_policy": "redirect-to-https"
              }
            ],
            "origin": [
              {
                "connection_attempts": 3,
                "connection_timeout": 10,
                "custom_header": [],
                "custom_origin_config": [
                  {
                    "http_port": 80,
                    "https_port": 443,
                    "origin_keepalive_timeout": 5,
                    "origin_protocol_policy": "https-only",
                    "origin_read_timeout": 30,
                    "origin_ssl_protocols": [
                      "TLSv1.2"
                    ]
                  }
                ],
                "domain_name": "2ntyt8anuj.execute-api.eu-central-1.amazonaws.com",
                "origin_access_control_id": "",
                "origin_id": "HAI-API",
                "origin_path": "",
                "origin_shield": [],
                "s3_origin_config": [],
                "vpc_origin_config": []
              },
              {
                "connection_attempts": 3,
                "connection_timeout": 10,
                "custom_header": [],
                "custom_origin_config": [],
                "domain_name": "hai-frontend-dev-d24xpd.s3.eu-central-1.amazonaws.com",
                "origin_access_control_id": "",
                "origin_id": "s3-web-origin",
                "origin_path": "",
                "origin_shield": [],
                "s3_origin_config": [
                  {
                    "origin_access_identity": "origin-access-identity/cloudfront/E22CCTI6HW8MF0"
                  }
                ],
                "vpc_origin_config": []
              }
            ],
            "origin_group": [],
            "price_class": "PriceClass_100",
            "restrictions": [
              {
                "geo_restriction": [
                  {
                    "locations": [],
                    "restriction_type": "none"
                  }
                ]
              }
            ],
            "retain_on_delete": false,
            "staging": false,
            "status": "Deployed",
            "tags": {
              "Environment": "dev",
              "ManagedBy": "terraform",
              "Project": "hai-frontend"
            },
            "tags_all": {
              "Environment": "dev",
              "ManagedBy": "terraform",
              "Project": "hai-frontend"
            },
            "trusted_key_groups": [
              {
                "enabled": false,
                "items": []
              }
            ],
            "trusted_signers": [
              {
                "enabled": false,
                "items": []
              }
            ],
            "viewer_certificate": [
              {
                "acm_certificate_arn": "",
                "cloudfront_default_certificate": true,
                "iam_certificate_id": "",
                "minimum_protocol_version": "TLSv1",
                "ssl_support_method": ""
              }
            ],
            "wait_for_deployment": true,
            "web_acl_id": ""
          },
          "sensitive_attributes": [],
          "private": "eyJzY2hlbWFfdmVyc2lvbiI6IjEifQ==",
          "dependencies": [
            "aws_apigatewayv2_api.hai_api",
            "aws_cloudfront_origin_access_identity.web",
            "aws_s3_bucket.web",
            "data.aws_cloudfront_cache_policy.caching_disabled",
            "data.aws_cloudfront_cache_policy.caching_optimized",
            "data.aws_cloudfront_origin_request_policy.all_viewer_except_host",
            "random_string.web_bucket_suffix"
          ]
        }
      ]
    },
    {
      "mode": "managed",
      "type": "aws_cloudfront_origin_access_identity",
      "name": "web",
      "provider": "provider[\"registry.terraform.io/hashicorp/aws\"]",
      "instances": [
        {
          "schema_version": 0,
          "attributes": {
            "arn": "arn:aws:cloudfront::640185168982:origin-access-identity/E22CCTI6HW8MF0",
            "caller_reference": "terraform-20251005184122735400000003",
            "cloudfront_access_identity_path": "origin-access-identity/cloudfront/E22CCTI6HW8MF0",
            "comment": "Access identity for hai-frontend-dev-d24xpd",
            "etag": "E3UN6WX5RRO2AG",
            "iam_arn": "arn:aws:iam::cloudfront:user/CloudFront Origin Access Identity E22CCTI6HW8MF0",
            "id": "E22CCTI6HW8MF0",
            "s3_canonical_user_id": "1045909db33526245bba32bdae87eba7d86ff7555d734417fd4714a3e5a9b6044a30adc6ddfcf85a0d749209a4605dc8"
          },
          "sensitive_attributes": [],
          "private": "bnVsbA==",
          "dependencies": [
            "aws_s3_bucket.web",
            "random_string.web_bucket_suffix"
          ]
        }
      ]
    },
    {
      "mode": "managed",
      "type": "aws_cloudwatch_log_group",
      "name": "email_ingestion",
      "provider": "provider[\"registry.terraform.io/hashicorp/aws\"]",
      "instances": [
        {
          "schema_version": 0,
          "attributes": {
            "arn": "arn:aws:logs:eu-central-1:640185168982:log-group:/aws/lambda/hai-frontend-dev-email-ingestion",
            "id": "/aws/lambda/hai-frontend-dev-email-ingestion",
            "kms_key_id": "",
            "log_group_class": "STANDARD",
            "name": "/aws/lambda/hai-frontend-dev-email-ingestion",
            "name_prefix": "",
            "retention_in_days": 14,
            "skip_destroy": false,
            "tags": {
              "Environment": "dev",
              "ManagedBy": "terraform",
              "Project": "hai-frontend"
            },
            "tags_all": {
              "Environment": "dev",
              "ManagedBy": "terraform",
              "Project": "hai-frontend"
            }
          },
          "sensitive_attributes": [],
          "private": "bnVsbA=="
        }
      ]
    },
    {
      "mode": "managed",
      "type": "aws_cloudwatch_log_group",
      "name": "hai_api",
      "provider": "provider[\"registry.terraform.io/hashicorp/aws\"]",
      "instances": [
        {
          "schema_version": 0,
          "attributes": {
            "arn": "arn:aws:logs:eu-central-1:640185168982:log-group:/aws/lambda/hai-frontend-dev-hai-api",
            "id": "/aws/lambda/hai-frontend-dev-hai-api",
            "kms_key_id": "",
            "log_group_class": "STANDARD",
            "name": "/aws/lambda/hai-frontend-dev-hai-api",
            "name_prefix": "",
            "retention_in_days": 14,
            "skip_destroy": false,
            "tags": {
              "Environment": "dev",
              "ManagedBy": "terraform",
              "Project": "hai-frontend"
            },
            "tags_all": {
              "Environment": "dev",
              "ManagedBy": "terraform",
              "Project": "hai-frontend"
            }
          },
          "sensitive_attributes": [],
          "private": "bnVsbA=="
        }
      ]
    },
    {
      "mode": "managed",
      "type": "aws_cloudwatch_log_group",
      "name": "hai_api_gateway",
      "provider": "provider[\"registry.terraform.io/hashicorp/aws\"]",
      "instances": [
        {
          "schema_version": 0,
          "attributes": {
            "arn": "arn:aws:logs:eu-central-1:640185168982:log-group:/aws/apigateway/hai-frontend-dev-hai-api",
            "id": "/aws/apigateway/hai-frontend-dev-hai-api",
            "kms_key_id": "",
            "log_group_class": "STANDARD",
            "name": "/aws/apigateway/hai-frontend-dev-hai-api",
            "name_prefix": "",
            "retention_in_days": 14,
            "skip_destroy": false,
            "tags": {
              "Environment": "dev",
              "ManagedBy": "terraform",
              "Project": "hai-frontend"
            },
            "tags_all": {
              "Environment": "dev",
              "ManagedBy": "terraform",
              "Project": "hai-frontend"
            }
          },
          "sensitive_attributes": [],
          "private": "bnVsbA=="
        }
      ]
    },
    {
      "mode": "managed",
      "type": "aws_cloudwatch_log_group",
      "name": "multi_agent_processor",
      "provider": "provider[\"registry.terraform.io/hashicorp/aws\"]",
      "instances": [
        {
          "schema_version": 0,
          "attributes": {
            "arn": "arn:aws:logs:eu-central-1:640185168982:log-group:/aws/lambda/hai-frontend-dev-multi-agent-processor",
            "id": "/aws/lambda/hai-frontend-dev-multi-agent-processor",
            "kms_key_id": "",
            "log_group_class": "STANDARD",
            "name": "/aws/lambda/hai-frontend-dev-multi-agent-processor",
            "name_prefix": "",
            "retention_in_days": 14,
            "skip_destroy": false,
            "tags": {
              "Environment": "dev",
              "ManagedBy": "terraform",
              "Project": "hai-frontend"
            },
            "tags_all": {
              "Environment": "dev",
              "ManagedBy": "terraform",
              "Project": "hai-frontend"
            }
          },
          "sensitive_attributes": [],
          "private": "bnVsbA=="
        }
      ]
    },
    {
      "mode": "managed",
      "type": "aws_cognito_identity_pool",
      "name": "main",
      "provider": "provider[\"registry.terraform.io/hashicorp/aws\"]",
      "instances": [
        {
          "schema_version": 0,
          "attributes": {
            "allow_classic_flow": false,
            "allow_unauthenticated_identities": false,
            "arn": "arn:aws:cognito-identity:eu-central-1:640185168982:identitypool/eu-central-1:28575410-a15b-49f7-a5e5-75bd672f15f4",
            "cognito_identity_providers": [
              {
                "client_id": "6h0mi452sgnohdb93ngvpn5p4l",
                "provider_name": "cognito-idp.eu-central-1.amazonaws.com/eu-central-1_1kqqcTioX",
                "server_side_token_check": true
              }
            ],
            "developer_provider_name": "",
            "id": "eu-central-1:28575410-a15b-49f7-a5e5-75bd672f15f4",
            "identity_pool_name": "hai-frontend-dev-identity-pool",
            "openid_connect_provider_arns": [],
            "saml_provider_arns": [],
            "supported_login_providers": {},
            "tags": {
              "Environment": "dev",
              "ManagedBy": "terraform",
              "Project": "hai-frontend"
            },
            "tags_all": {
              "Environment": "dev",
              "ManagedBy": "terraform",
              "Project": "hai-frontend"
            }
          },
          "sensitive_attributes": [],
          "private": "bnVsbA==",
          "dependencies": [
            "aws_cognito_user_pool.main",
            "aws_cognito_user_pool_client.main"
          ]
        }
      ]
    },
    {
      "mode": "managed",
      "type": "aws_cognito_identity_pool_roles_attachment",
      "name": "main",
      "provider": "provider[\"registry.terraform.io/hashicorp/aws\"]",
      "instances": [
        {
          "schema_version": 0,
          "attributes": {
            "id": "eu-central-1:28575410-a15b-49f7-a5e5-75bd672f15f4",
            "identity_pool_id": "eu-central-1:28575410-a15b-49f7-a5e5-75bd672f15f4",
            "role_mapping": [],
            "roles": {
              "authenticated": "arn:aws:iam::640185168982:role/hai-frontend-dev-cognito-authenticated"
            }
          },
          "sensitive_attributes": [],
          "private": "bnVsbA==",
          "dependencies": [
            "aws_cognito_identity_pool.main",
            "aws_cognito_user_pool.main",
            "aws_cognito_user_pool_client.main",
            "aws_iam_role.cognito_authenticated",
            "data.aws_iam_policy_document.cognito_authenticated_assume_role"
          ]
        }
      ]
    },
    {
      "mode": "managed",
      "type": "aws_cognito_user_pool",
      "name": "main",
      "provider": "provider[\"registry.terraform.io/hashicorp/aws\"]",
      "instances": [
        {
          "schema_version": 0,
          "attributes": {
            "account_recovery_setting": [
              {
                "recovery_mechanism": [
                  {
                    "name": "verified_email",
                    "priority": 1
                  }
                ]
              }
            ],
            "admin_create_user_config": [
              {
                "allow_admin_create_user_only": false,
                "invite_message_template": []
              }
            ],
            "alias_attributes": null,
            "arn": "arn:aws:cognito-idp:eu-central-1:640185168982:userpool/eu-central-1_1kqqcTioX",
            "auto_verified_attributes": [
              "email"
            ],
            "creation_date": "2025-10-06T21:28:41Z",
            "custom_domain": "",
            "deletion_protection": "INACTIVE",
            "device_configuration": [],
            "domain": "hai-frontend-dev-d24xpd",
            "email_configuration": [
              {
                "configuration_set": "",
                "email_sending_account": "COGNITO_DEFAULT",
                "from_email_address": "",
                "reply_to_email_address": "",
                "source_arn": ""
              }
            ],
            "email_mfa_configuration": [],
            "email_verification_message": "",
            "email_verification_subject": "",
            "endpoint": "cognito-idp.eu-central-1.amazonaws.com/eu-central-1_1kqqcTioX",
            "estimated_number_of_users": 1,
            "id": "eu-central-1_1kqqcTioX",
            "lambda_config": [],
            "last_modified_date": "2025-10-06T21:28:41Z",
            "mfa_configuration": "OFF",
            "name": "hai-frontend-dev-user-pool",
            "password_policy": [
              {
                "minimum_length": 8,
                "password_history_size": 0,
                "require_lowercase": true,
                "require_numbers": true,
                "require_symbols": true,
                "require_uppercase": true,
                "temporary_password_validity_days": 7
              }
            ],
            "schema": [
              {
                "attribute_data_type": "String",
                "developer_only_attribute": false,
                "mutable": true,
                "name": "email",
                "number_attribute_constraints": [],
                "required": true,
                "string_attribute_constraints": [
                  {
                    "max_length": "256",
                    "min_length": "1"
                  }
                ]
              }
            ],
            "sign_in_policy": [
              {
                "allowed_first_auth_factors": [
                  "PASSWORD"
                ]
              }
            ],
            "sms_authentication_message": "",
            "sms_configuration": [],
            "sms_verification_message": "",
            "software_token_mfa_configuration": [],
            "tags": {
              "Environment": "dev",
              "ManagedBy": "terraform",
              "Project": "hai-frontend"
            },
            "tags_all": {
              "Environment": "dev",
              "ManagedBy": "terraform",
              "Project": "hai-frontend"
            },
            "user_attribute_update_settings": [],
            "user_pool_add_ons": [],
            "user_pool_tier": "ESSENTIALS",
            "username_attributes": [
              "email"
            ],
            "username_configuration": [],
            "verification_message_template": [
              {
                "default_email_option": "CONFIRM_WITH_CODE",
                "email_message": "",
                "email_message_by_link": "",
                "email_subject": "",
                "email_subject_by_link": "",
                "sms_message": ""
              }
            ],
            "web_authn_configuration": []
          },
          "sensitive_attributes": [],
          "private": "bnVsbA=="
        }
      ]
    },
    {
      "mode": "managed",
      "type": "aws_cognito_user_pool_client",
      "name": "main",
      "provider": "provider[\"registry.terraform.io/hashicorp/aws\"]",
      "instances": [
        {
          "schema_version": 0,
          "attributes": {
            "access_token_validity": 1,
            "allowed_oauth_flows": [
              "code"
            ],
            "allowed_oauth_flows_user_pool_client": true,
            "allowed_oauth_scopes": [
              "aws.cognito.signin.user.admin",
              "email",
              "openid",
              "phone",
              "profile"
            ],
            "analytics_configuration": [],
            "auth_session_validity": 3,
            "callback_urls": [
              "http://localhost:5173",
              "https://d1cus83lrz11k.cloudfront.net"
            ],
            "client_secret": "",
            "default_redirect_uri": "",
            "enable_propagate_additional_user_context_data": false,
            "enable_token_revocation": true,
            "explicit_auth_flows": [
              "ALLOW_REFRESH_TOKEN_AUTH",
              "ALLOW_USER_PASSWORD_AUTH",
              "ALLOW_USER_SRP_AUTH"
            ],
            "generate_secret": false,
            "id": "6h0mi452sgnohdb93ngvpn5p4l",
            "id_token_validity": 1,
            "logout_urls": [
              "http://localhost:5173",
              "https://d1cus83lrz11k.cloudfront.net"
            ],
            "name": "hai-frontend-dev-client",
            "prevent_user_existence_errors": "ENABLED",
            "read_attributes": [
              "email",
              "email_verified"
            ],
            "refresh_token_rotation": [],
            "refresh_token_validity": 1,
            "supported_identity_providers": [
              "COGNITO"
            ],
            "token_validity_units": [
              {
                "access_token": "days",
                "id_token": "days",
                "refresh_token": "days"
              }
            ],
            "user_pool_id": "eu-central-1_1kqqcTioX",
            "write_attributes": [
              "email"
            ]
          },
          "sensitive_attributes": [],
          "dependencies": [
            "aws_cognito_user_pool.main"
          ]
        }
      ]
    },
    {
      "mode": "managed",
      "type": "aws_cognito_user_pool_domain",
      "name": "main",
      "provider": "provider[\"registry.terraform.io/hashicorp/aws\"]",
      "instances": [
        {
          "schema_version": 0,
          "attributes": {
            "aws_account_id": "640185168982",
            "certificate_arn": "",
            "cloudfront_distribution": "d5cxcejge1ybj.cloudfront.net",
            "cloudfront_distribution_arn": "d5cxcejge1ybj.cloudfront.net",
            "cloudfront_distribution_zone_id": "Z2FDTNDATAQYW2",
            "domain": "hai-frontend-dev-d24xpd",
            "id": "hai-frontend-dev-d24xpd",
            "managed_login_version": 1,
            "s3_bucket": "aws-cognito-prod-fra-assets",
            "user_pool_id": "eu-central-1_1kqqcTioX",
            "version": "20251006221631"
          },
          "sensitive_attributes": [],
          "private": "bnVsbA==",
          "dependencies": [
            "aws_cognito_user_pool.main",
            "random_string.web_bucket_suffix"
          ]
        }
      ]
    },
    {
      "mode": "managed",
      "type": "aws_dynamodb_table",
      "name": "hai_data",
      "provider": "provider[\"registry.terraform.io/hashicorp/aws\"]",
      "instances": [
        {
          "schema_version": 1,
          "attributes": {
            "arn": "arn:aws:dynamodb:eu-central-1:640185168982:table/hai-frontend-dev-hai-data",
            "attribute": [
              {
                "name": "GSI1PK",
                "type": "S"
              },
              {
                "name": "GSI1SK",
                "type": "S"
              },
              {
                "name": "GSI2PK",
                "type": "S"
              },
              {
                "name": "GSI2SK",
                "type": "S"
              },
              {
                "name": "PK",
                "type": "S"
              },
              {
                "name": "SK",
                "type": "S"
              }
            ],
            "billing_mode": "PAY_PER_REQUEST",
            "deletion_protection_enabled": false,
            "global_secondary_index": [
              {
                "hash_key": "GSI1PK",
                "name": "GSI1",
                "non_key_attributes": [],
                "on_demand_throughput": [
                  {
                    "max_read_request_units": 10,
                    "max_write_request_units": 10
                  }
                ],
                "projection_type": "ALL",
                "range_key": "GSI1SK",
                "read_capacity": 0,
                "write_capacity": 0
              },
              {
                "hash_key": "GSI2PK",
                "name": "GSI2",
                "non_key_attributes": [],
                "on_demand_throughput": [
                  {
                    "max_read_request_units": 10,
                    "max_write_request_units": 10
                  }
                ],
                "projection_type": "ALL",
                "range_key": "GSI2SK",
                "read_capacity": 0,
                "write_capacity": 0
              }
            ],
            "hash_key": "PK",
            "id": "hai-frontend-dev-hai-data",
            "import_table": [],
            "local_secondary_index": [],
            "name": "hai-frontend-dev-hai-data",
            "on_demand_throughput": [
              {
                "max_read_request_units": 10,
                "max_write_request_units": 10
              }
            ],
            "point_in_time_recovery": [
              {
                "enabled": false,
                "recovery_period_in_days": 0
              }
            ],
            "range_key": "SK",
            "read_capacity": 0,
            "replica": [],
            "restore_date_time": null,
            "restore_source_name": null,
            "restore_source_table_arn": null,
            "restore_to_latest_time": null,
            "server_side_encryption": [],
            "stream_arn": "",
            "stream_enabled": false,
            "stream_label": "",
            "stream_view_type": "",
            "table_class": "STANDARD",
            "tags": {
              "Environment": "dev",
              "ManagedBy": "terraform",
              "Project": "hai-frontend"
            },
            "tags_all": {
              "Environment": "dev",
              "ManagedBy": "terraform",
              "Project": "hai-frontend"
            },
            "timeouts": null,
            "ttl": [
              {
                "attribute_name": "",
                "enabled": false
              }
            ],
            "write_capacity": 0
          },
          "sensitive_attributes": [],
          "private": "eyJlMmJmYjczMC1lY2FhLTExZTYtOGY4OC0zNDM2M2JjN2M0YzAiOnsiY3JlYXRlIjoxODAwMDAwMDAwMDAwLCJkZWxldGUiOjYwMDAwMDAwMDAwMCwidXBkYXRlIjozNjAwMDAwMDAwMDAwfSwic2NoZW1hX3ZlcnNpb24iOiIxIn0="
        }
      ]
    },
    {
      "mode": "managed",
      "type": "aws_iam_role",
      "name": "cognito_authenticated",
      "provider": "provider[\"registry.terraform.io/hashicorp/aws\"]",
      "instances": [
        {
          "schema_version": 0,
          "attributes": {
            "arn": "arn:aws:iam::640185168982:role/hai-frontend-dev-cognito-authenticated",
            "assume_role_policy": "{\"Statement\":[{\"Action\":\"sts:AssumeRoleWithWebIdentity\",\"Condition\":{\"ForAnyValue:StringLike\":{\"cognito-identity.amazonaws.com:amr\":\"authenticated\"},\"StringEquals\":{\"cognito-identity.amazonaws.com:aud\":\"eu-central-1:28575410-a15b-49f7-a5e5-75bd672f15f4\"}},\"Effect\":\"Allow\",\"Principal\":{\"Federated\":\"cognito-identity.amazonaws.com\"}}],\"Version\":\"2012-10-17\"}",
            "create_date": "2025-10-06T21:28:43Z",
            "description": "",
            "force_detach_policies": false,
            "id": "hai-frontend-dev-cognito-authenticated",
            "inline_policy": [
              {
                "name": "hai-frontend-dev-cognito-authenticated-policy",
                "policy": "{\"Version\":\"2012-10-17\",\"Statement\":[{\"Action\":[\"mobileanalytics:PutEvents\",\"cognito-sync:*\",\"cognito-identity:*\"],\"Effect\":\"Allow\",\"Resource\":\"*\"},{\"Action\":\"execute-api:Invoke\",\"Effect\":\"Allow\",\"Resource\":\"*\"}]}"
              }
            ],
            "managed_policy_arns": [],
            "max_session_duration": 3600,
            "name": "hai-frontend-dev-cognito-authenticated",
            "name_prefix": "",
            "path": "/",
            "permissions_boundary": "",
            "tags": {
              "Environment": "dev",
              "ManagedBy": "terraform",
              "Project": "hai-frontend"
            },
            "tags_all": {
              "Environment": "dev",
              "ManagedBy": "terraform",
              "Project": "hai-frontend"
            },
            "unique_id": "AROAZKDQCORLEGBQTAST3"
          },
          "sensitive_attributes": [],
          "private": "bnVsbA==",
          "dependencies": [
            "aws_cognito_identity_pool.main",
            "aws_cognito_user_pool.main",
            "aws_cognito_user_pool_client.main",
            "data.aws_iam_policy_document.cognito_authenticated_assume_role"
          ]
        }
      ]
    },
    {
      "mode": "managed",
      "type": "aws_iam_role",
      "name": "email_ingestion",
      "provider": "provider[\"registry.terraform.io/hashicorp/aws\"]",
      "instances": [
        {
          "schema_version": 0,
          "attributes": {
            "arn": "arn:aws:iam::640185168982:role/hai-frontend-dev-email-ingestion-role",
            "assume_role_policy": "{\"Statement\":[{\"Action\":\"sts:AssumeRole\",\"Effect\":\"Allow\",\"Principal\":{\"Service\":\"lambda.amazonaws.com\"}}],\"Version\":\"2012-10-17\"}",
            "create_date": "2025-11-23T15:08:16Z",
            "description": "",
            "force_detach_policies": false,
            "id": "hai-frontend-dev-email-ingestion-role",
            "inline_policy": [
              {
                "name": "hai-frontend-dev-email-ingestion-logging",
                "policy": "{\"Version\":\"2012-10-17\",\"Statement\":[{\"Action\":[\"logs:CreateLogStream\",\"logs:PutLogEvents\"],\"Effect\":\"Allow\",\"Resource\":\"arn:aws:logs:eu-central-1:640185168982:log-group:/aws/lambda/hai-frontend-dev-email-ingestion:*\"}]}"
              },
              {
                "name": "hai-frontend-dev-email-ingestion-s3",
                "policy": "{\"Version\":\"2012-10-17\",\"Statement\":[{\"Action\":[\"s3:GetObject\",\"s3:GetObjectVersion\"],\"Effect\":\"Allow\",\"Resource\":[\"arn:aws:s3:::hai-data-lake/emails/*\"]}]}"
              },
              {
                "name": "hai-frontend-dev-email-ingestion-sqs",
                "policy": "{\"Version\":\"2012-10-17\",\"Statement\":[{\"Action\":[\"sqs:SendMessage\",\"sqs:GetQueueAttributes\"],\"Effect\":\"Allow\",\"Resource\":[\"arn:aws:sqs:eu-central-1:640185168982:hai-frontend-dev-email-events.fifo\"]}]}"
              }
            ],
            "managed_policy_arns": [
              "arn:aws:iam::aws:policy/service-role/AWSLambdaBasicExecutionRole"
            ],
            "max_session_duration": 3600,
            "name": "hai-frontend-dev-email-ingestion-role",
            "name_prefix": "",
            "path": "/",
            "permissions_boundary": "",
            "tags": {
              "Environment": "dev",
              "ManagedBy": "terraform",
              "Project": "hai-frontend"
            },
            "tags_all": {
              "Environment": "dev",
              "ManagedBy": "terraform",
              "Project": "hai-frontend"
            },
            "unique_id": "AROAZKDQCORLA6EXJCEJC"
          },
          "sensitive_attributes": [],
          "private": "bnVsbA==",
          "dependencies": [
            "data.aws_iam_policy_document.lambda_assume_role"
          ]
        }
      ]
    },
    {
      "mode": "managed",
      "type": "aws_iam_role",
      "name": "hai_api",
      "provider": "provider[\"registry.terraform.io/hashicorp/aws\"]",
      "instances": [
        {
          "schema_version": 0,
          "attributes": {
            "arn": "arn:aws:iam::640185168982:role/hai-frontend-dev-hai-api-role",
            "assume_role_policy": "{\"Statement\":[{\"Action\":\"sts:AssumeRole\",\"Effect\":\"Allow\",\"Principal\":{\"Service\":\"lambda.amazonaws.com\"}}],\"Version\":\"2012-10-17\"}",
            "create_date": "2025-10-10T21:26:13Z",
            "description": "",
            "force_detach_policies": false,
            "id": "hai-frontend-dev-hai-api-role",
            "inline_policy": [
              {
                "name": "hai-frontend-dev-hai-api-dynamodb",
                "policy": "{\"Version\":\"2012-10-17\",\"Statement\":[{\"Action\":[\"dynamodb:GetItem\",\"dynamodb:PutItem\",\"dynamodb:UpdateItem\",\"dynamodb:DeleteItem\",\"dynamodb:Query\",\"dynamodb:Scan\",\"dynamodb:BatchGetItem\",\"dynamodb:BatchWriteItem\"],\"Effect\":\"Allow\",\"Resource\":[\"arn:aws:dynamodb:eu-central-1:640185168982:table/hai-frontend-dev-hai-data\",\"arn:aws:dynamodb:eu-central-1:640185168982:table/hai-frontend-dev-hai-data/index/*\"]}]}"
              },
              {
                "name": "hai-frontend-dev-hai-api-logging",
                "policy": "{\"Version\":\"2012-10-17\",\"Statement\":[{\"Action\":[\"logs:CreateLogStream\",\"logs:PutLogEvents\"],\"Effect\":\"Allow\",\"Resource\":\"arn:aws:logs:eu-central-1:640185168982:log-group:/aws/lambda/hai-frontend-dev-hai-api:*\"}]}"
              }
            ],
            "managed_policy_arns": [],
            "max_session_duration": 3600,
            "name": "hai-frontend-dev-hai-api-role",
            "name_prefix": "",
            "path": "/",
            "permissions_boundary": "",
            "tags": {
              "Environment": "dev",
              "ManagedBy": "terraform",
              "Project": "hai-frontend"
            },
            "tags_all": {
              "Environment": "dev",
              "ManagedBy": "terraform",
              "Project": "hai-frontend"
            },
            "unique_id": "AROAZKDQCORLGCDHGAZJO"
          },
          "sensitive_attributes": [],
          "private": "bnVsbA==",
          "dependencies": [
            "data.aws_iam_policy_document.lambda_assume_role"
          ]
        }
      ]
    },
    {
      "mode": "managed",
      "type": "aws_iam_role",
      "name": "multi_agent_processor",
      "provider": "provider[\"registry.terraform.io/hashicorp/aws\"]",
      "instances": [
        {
          "schema_version": 0,
          "attributes": {
            "arn": "arn:aws:iam::640185168982:role/hai-frontend-dev-multi-agent-processor-role",
            "assume_role_policy": "{\"Statement\":[{\"Action\":\"sts:AssumeRole\",\"Effect\":\"Allow\",\"Principal\":{\"Service\":\"lambda.amazonaws.com\"}}],\"Version\":\"2012-10-17\"}",
            "create_date": "2025-11-23T21:30:46Z",
            "description": "",
            "force_detach_policies": false,
            "id": "hai-frontend-dev-multi-agent-processor-role",
            "inline_policy": [
              {
                "name": "hai-frontend-dev-multi-agent-processor-bedrock",
                "policy": "{\"Version\":\"2012-10-17\",\"Statement\":[{\"Action\":[\"bedrock:InvokeModel\",\"bedrock:InvokeModelWithResponseStream\"],\"Effect\":\"Allow\",\"Resource\":[\"arn:aws:bedrock:*::foundation-model/*\",\"arn:aws:bedrock:*:*:inference-profile/*\"]}]}"
              },
              {
                "name": "hai-frontend-dev-multi-agent-processor-dynamodb",
                "policy": "{\"Version\":\"2012-10-17\",\"Statement\":[{\"Action\":[\"dynamodb:GetItem\",\"dynamodb:PutItem\",\"dynamodb:UpdateItem\",\"dynamodb:DeleteItem\",\"dynamodb:Query\",\"dynamodb:Scan\"],\"Effect\":\"Allow\",\"Resource\":[\"arn:aws:dynamodb:eu-central-1:640185168982:table/hai-frontend-dev-hai-data\",\"arn:aws:dynamodb:eu-central-1:640185168982:table/hai-frontend-dev-hai-data/index/*\"]}]}"
              },
              {
                "name": "hai-frontend-dev-multi-agent-processor-logging",
                "policy": "{\"Version\":\"2012-10-17\",\"Statement\":[{\"Action\":[\"logs:CreateLogStream\",\"logs:PutLogEvents\"],\"Effect\":\"Allow\",\"Resource\":\"arn:aws:logs:eu-central-1:640185168982:log-group:/aws/lambda/hai-frontend-dev-multi-agent-processor:*\"}]}"
              },
              {
                "name": "hai-frontend-dev-multi-agent-processor-sqs",
                "policy": "{\"Version\":\"2012-10-17\",\"Statement\":[{\"Action\":[\"sqs:ReceiveMessage\",\"sqs:DeleteMessage\",\"sqs:GetQueueAttributes\",\"sqs:ChangeMessageVisibility\"],\"Effect\":\"Allow\",\"Resource\":[\"arn:aws:sqs:eu-central-1:640185168982:hai-frontend-dev-email-events.fifo\"]}]}"
              }
            ],
            "managed_policy_arns": [
              "arn:aws:iam::aws:policy/service-role/AWSLambdaBasicExecutionRole"
            ],
            "max_session_duration": 3600,
            "name": "hai-frontend-dev-multi-agent-processor-role",
            "name_prefix": "",
            "path": "/",
            "permissions_boundary": "",
            "tags": {
              "Environment": "dev",
              "ManagedBy": "terraform",
              "Project": "hai-frontend"
            },
            "tags_all": {
              "Environment": "dev",
              "ManagedBy": "terraform",
              "Project": "hai-frontend"
            },
            "unique_id": "AROAZKDQCORLA52CPEQ76"
          },
          "sensitive_attributes": [],
          "private": "bnVsbA==",
          "dependencies": [
            "data.aws_iam_policy_document.lambda_assume_role"
          ]
        }
      ]
    },
    {
      "mode": "managed",
      "type": "aws_iam_role_policy",
      "name": "cognito_authenticated",
      "provider": "provider[\"registry.terraform.io/hashicorp/aws\"]",
      "instances": [
        {
          "schema_version": 0,
          "attributes": {
            "id": "hai-frontend-dev-cognito-authenticated:hai-frontend-dev-cognito-authenticated-policy",
            "name": "hai-frontend-dev-cognito-authenticated-policy",
            "name_prefix": "",
            "policy": "{\"Version\":\"2012-10-17\",\"Statement\":[{\"Action\":[\"mobileanalytics:PutEvents\",\"cognito-sync:*\",\"cognito-identity:*\"],\"Effect\":\"Allow\",\"Resource\":\"*\"},{\"Action\":\"execute-api:Invoke\",\"Effect\":\"Allow\",\"Resource\":\"*\"}]}",
            "role": "hai-frontend-dev-cognito-authenticated"
          },
          "sensitive_attributes": [],
          "private": "bnVsbA==",
          "dependencies": [
            "aws_cognito_identity_pool.main",
            "aws_cognito_user_pool.main",
            "aws_cognito_user_pool_client.main",
            "aws_iam_role.cognito_authenticated",
            "data.aws_iam_policy_document.cognito_authenticated_assume_role",
            "data.aws_iam_policy_document.cognito_authenticated_policy"
          ]
        }
      ]
    },
    {
      "mode": "managed",
      "type": "aws_iam_role_policy",
      "name": "email_ingestion_logging",
      "provider": "provider[\"registry.terraform.io/hashicorp/aws\"]",
      "instances": [
        {
          "schema_version": 0,
          "attributes": {
            "id": "hai-frontend-dev-email-ingestion-role:hai-frontend-dev-email-ingestion-logging",
            "name": "hai-frontend-dev-email-ingestion-logging",
            "name_prefix": "",
            "policy": "{\"Version\":\"2012-10-17\",\"Statement\":[{\"Action\":[\"logs:CreateLogStream\",\"logs:PutLogEvents\"],\"Effect\":\"Allow\",\"Resource\":\"arn:aws:logs:eu-central-1:640185168982:log-group:/aws/lambda/hai-frontend-dev-email-ingestion:*\"}]}",
            "role": "hai-frontend-dev-email-ingestion-role"
          },
          "sensitive_attributes": [],
          "private": "bnVsbA==",
          "dependencies": [
            "aws_cloudwatch_log_group.email_ingestion",
            "aws_iam_role.email_ingestion",
            "data.aws_iam_policy_document.lambda_assume_role"
          ]
        }
      ]
    },
    {
      "mode": "managed",
      "type": "aws_iam_role_policy",
      "name": "email_ingestion_s3_access",
      "provider": "provider[\"registry.terraform.io/hashicorp/aws\"]",
      "instances": [
        {
          "schema_version": 0,
          "attributes": {
            "id": "hai-frontend-dev-email-ingestion-role:hai-frontend-dev-email-ingestion-s3",
            "name": "hai-frontend-dev-email-ingestion-s3",
            "name_prefix": "",
            "policy": "{\"Version\":\"2012-10-17\",\"Statement\":[{\"Action\":[\"s3:GetObject\",\"s3:GetObjectVersion\"],\"Effect\":\"Allow\",\"Resource\":[\"arn:aws:s3:::hai-data-lake/emails/*\"]}]}",
            "role": "hai-frontend-dev-email-ingestion-role"
          },
          "sensitive_attributes": [],
          "private": "bnVsbA==",
          "dependencies": [
            "aws_iam_role.email_ingestion",
            "data.aws_iam_policy_document.lambda_assume_role",
            "data.aws_s3_bucket.email_ingestion"
          ]
        }
      ]
    },
    {
      "mode": "managed",
      "type": "aws_iam_role_policy",
      "name": "email_ingestion_sqs_access",
      "provider": "provider[\"registry.terraform.io/hashicorp/aws\"]",
      "instances": [
        {
          "schema_version": 0,
          "attributes": {
            "id": "hai-frontend-dev-email-ingestion-role:hai-frontend-dev-email-ingestion-sqs",
            "name": "hai-frontend-dev-email-ingestion-sqs",
            "name_prefix": "",
            "policy": "{\"Version\":\"2012-10-17\",\"Statement\":[{\"Action\":[\"sqs:SendMessage\",\"sqs:GetQueueAttributes\"],\"Effect\":\"Allow\",\"Resource\":[\"arn:aws:sqs:eu-central-1:640185168982:hai-frontend-dev-email-events.fifo\"]}]}",
            "role": "hai-frontend-dev-email-ingestion-role"
          },
          "sensitive_attributes": [],
          "private": "bnVsbA==",
          "dependencies": [
            "aws_iam_role.email_ingestion",
            "aws_sqs_queue.email_ingestion_fifo",
            "data.aws_iam_policy_document.lambda_assume_role"
          ]
        }
      ]
    },
    {
      "mode": "managed",
      "type": "aws_iam_role_policy",
      "name": "hai_api_dynamodb",
      "provider": "provider[\"registry.terraform.io/hashicorp/aws\"]",
      "instances": [
        {
          "schema_version": 0,
          "attributes": {
            "id": "hai-frontend-dev-hai-api-role:hai-frontend-dev-hai-api-dynamodb",
            "name": "hai-frontend-dev-hai-api-dynamodb",
            "name_prefix": "",
            "policy": "{\"Version\":\"2012-10-17\",\"Statement\":[{\"Action\":[\"dynamodb:GetItem\",\"dynamodb:PutItem\",\"dynamodb:UpdateItem\",\"dynamodb:DeleteItem\",\"dynamodb:Query\",\"dynamodb:Scan\",\"dynamodb:BatchGetItem\",\"dynamodb:BatchWriteItem\"],\"Effect\":\"Allow\",\"Resource\":[\"arn:aws:dynamodb:eu-central-1:640185168982:table/hai-frontend-dev-hai-data\",\"arn:aws:dynamodb:eu-central-1:640185168982:table/hai-frontend-dev-hai-data/index/*\"]}]}",
            "role": "hai-frontend-dev-hai-api-role"
          },
          "sensitive_attributes": [],
          "private": "bnVsbA==",
          "dependencies": [
            "aws_dynamodb_table.hai_data",
            "aws_iam_role.hai_api",
            "data.aws_iam_policy_document.lambda_assume_role"
          ]
        }
      ]
    },
    {
      "mode": "managed",
      "type": "aws_iam_role_policy",
      "name": "hai_api_logging",
      "provider": "provider[\"registry.terraform.io/hashicorp/aws\"]",
      "instances": [
        {
          "schema_version": 0,
          "attributes": {
            "id": "hai-frontend-dev-hai-api-role:hai-frontend-dev-hai-api-logging",
            "name": "hai-frontend-dev-hai-api-logging",
            "name_prefix": "",
            "policy": "{\"Version\":\"2012-10-17\",\"Statement\":[{\"Action\":[\"logs:CreateLogStream\",\"logs:PutLogEvents\"],\"Effect\":\"Allow\",\"Resource\":\"arn:aws:logs:eu-central-1:640185168982:log-group:/aws/lambda/hai-frontend-dev-hai-api:*\"}]}",
            "role": "hai-frontend-dev-hai-api-role"
          },
          "sensitive_attributes": [],
          "private": "bnVsbA==",
          "dependencies": [
            "aws_cloudwatch_log_group.hai_api",
            "aws_iam_role.hai_api",
            "data.aws_iam_policy_document.lambda_assume_role"
          ]
        }
      ]
    },
    {
      "mode": "managed",
      "type": "aws_iam_role_policy",
      "name": "multi_agent_processor_bedrock_access",
      "provider": "provider[\"registry.terraform.io/hashicorp/aws\"]",
      "instances": [
        {
          "schema_version": 0,
          "attributes": {
            "id": "hai-frontend-dev-multi-agent-processor-role:hai-frontend-dev-multi-agent-processor-bedrock",
            "name": "hai-frontend-dev-multi-agent-processor-bedrock",
            "name_prefix": "",
            "policy": "{\"Version\":\"2012-10-17\",\"Statement\":[{\"Action\":[\"bedrock:InvokeModel\",\"bedrock:InvokeModelWithResponseStream\"],\"Effect\":\"Allow\",\"Resource\":[\"arn:aws:bedrock:*::foundation-model/*\",\"arn:aws:bedrock:*:*:inference-profile/*\"]}]}",
            "role": "hai-frontend-dev-multi-agent-processor-role"
          },
          "sensitive_attributes": [],
          "private": "bnVsbA==",
          "dependencies": [
            "aws_iam_role.multi_agent_processor",
            "data.aws_iam_policy_document.lambda_assume_role"
          ]
        }
      ]
    },
    {
      "mode": "managed",
      "type": "aws_iam_role_policy",
      "name": "multi_agent_processor_dynamodb_access",
      "provider": "provider[\"registry.terraform.io/hashicorp/aws\"]",
      "instances": [
        {
          "schema_version": 0,
          "attributes": {
            "id": "hai-frontend-dev-multi-agent-processor-role:hai-frontend-dev-multi-agent-processor-dynamodb",
            "name": "hai-frontend-dev-multi-agent-processor-dynamodb",
            "name_prefix": "",
            "policy": "{\"Version\":\"2012-10-17\",\"Statement\":[{\"Action\":[\"dynamodb:GetItem\",\"dynamodb:PutItem\",\"dynamodb:UpdateItem\",\"dynamodb:DeleteItem\",\"dynamodb:Query\",\"dynamodb:Scan\"],\"Effect\":\"Allow\",\"Resource\":[\"arn:aws:dynamodb:eu-central-1:640185168982:table/hai-frontend-dev-hai-data\",\"arn:aws:dynamodb:eu-central-1:640185168982:table/hai-frontend-dev-hai-data/index/*\"]}]}",
            "role": "hai-frontend-dev-multi-agent-processor-role"
          },
          "sensitive_attributes": [],
          "private": "bnVsbA==",
          "dependencies": [
            "aws_dynamodb_table.hai_data",
            "aws_iam_role.multi_agent_processor",
            "data.aws_iam_policy_document.lambda_assume_role"
          ]
        }
      ]
    },
    {
      "mode": "managed",
      "type": "aws_iam_role_policy",
      "name": "multi_agent_processor_logging",
      "provider": "provider[\"registry.terraform.io/hashicorp/aws\"]",
      "instances": [
        {
          "schema_version": 0,
          "attributes": {
            "id": "hai-frontend-dev-multi-agent-processor-role:hai-frontend-dev-multi-agent-processor-logging",
            "name": "hai-frontend-dev-multi-agent-processor-logging",
            "name_prefix": "",
            "policy": "{\"Version\":\"2012-10-17\",\"Statement\":[{\"Action\":[\"logs:CreateLogStream\",\"logs:PutLogEvents\"],\"Effect\":\"Allow\",\"Resource\":\"arn:aws:logs:eu-central-1:640185168982:log-group:/aws/lambda/hai-frontend-dev-multi-agent-processor:*\"}]}",
            "role": "hai-frontend-dev-multi-agent-processor-role"
          },
          "sensitive_attributes": [],
          "private": "bnVsbA==",
          "dependencies": [
            "aws_cloudwatch_log_group.multi_agent_processor",
            "aws_iam_role.multi_agent_processor",
            "data.aws_iam_policy_document.lambda_assume_role"
          ]
        }
      ]
    },
    {
      "mode": "managed",
      "type": "aws_iam_role_policy",
      "name": "multi_agent_processor_sqs_access",
      "provider": "provider[\"registry.terraform.io/hashicorp/aws\"]",
      "instances": [
        {
          "schema_version": 0,
          "attributes": {
            "id": "hai-frontend-dev-multi-agent-processor-role:hai-frontend-dev-multi-agent-processor-sqs",
            "name": "hai-frontend-dev-multi-agent-processor-sqs",
            "name_prefix": "",
            "policy": "{\"Version\":\"2012-10-17\",\"Statement\":[{\"Action\":[\"sqs:ReceiveMessage\",\"sqs:DeleteMessage\",\"sqs:GetQueueAttributes\",\"sqs:ChangeMessageVisibility\"],\"Effect\":\"Allow\",\"Resource\":[\"arn:aws:sqs:eu-central-1:640185168982:hai-frontend-dev-email-events.fifo\"]}]}",
            "role": "hai-frontend-dev-multi-agent-processor-role"
          },
          "sensitive_attributes": [],
          "private": "bnVsbA==",
          "dependencies": [
            "aws_iam_role.multi_agent_processor",
            "aws_sqs_queue.email_ingestion_fifo",
            "data.aws_iam_policy_document.lambda_assume_role"
          ]
        }
      ]
    },
    {
      "mode": "managed",
      "type": "aws_iam_role_policy_attachment",
      "name": "email_ingestion_basic_execution",
      "provider": "provider[\"registry.terraform.io/hashicorp/aws\"]",
      "instances": [
        {
          "schema_version": 0,
          "attributes": {
            "id": "hai-frontend-dev-email-ingestion-role-20251123150816799500000001",
            "policy_arn": "arn:aws:iam::aws:policy/service-role/AWSLambdaBasicExecutionRole",
            "role": "hai-frontend-dev-email-ingestion-role"
          },
          "sensitive_attributes": [],
          "private": "bnVsbA==",
          "dependencies": [
            "aws_iam_role.email_ingestion",
            "data.aws_iam_policy_document.lambda_assume_role"
          ]
        }
      ]
    },
    {
      "mode": "managed",
      "type": "aws_iam_role_policy_attachment",
      "name": "multi_agent_processor_basic_execution",
      "provider": "provider[\"registry.terraform.io/hashicorp/aws\"]",
      "instances": [
        {
          "schema_version": 0,
          "attributes": {
            "id": "hai-frontend-dev-multi-agent-processor-role-20251123213047058100000001",
            "policy_arn": "arn:aws:iam::aws:policy/service-role/AWSLambdaBasicExecutionRole",
            "role": "hai-frontend-dev-multi-agent-processor-role"
          },
          "sensitive_attributes": [],
          "private": "bnVsbA==",
          "dependencies": [
            "aws_iam_role.multi_agent_processor",
            "data.aws_iam_policy_document.lambda_assume_role"
          ]
        }
      ]
    },
    {
      "mode": "managed",
      "type": "aws_lambda_event_source_mapping",
      "name": "multi_agent_processor_sqs",
      "provider": "provider[\"registry.terraform.io/hashicorp/aws\"]",
      "instances": [
        {
          "schema_version": 0,
          "attributes": {
            "amazon_managed_kafka_event_source_config": [],
            "arn": "arn:aws:lambda:eu-central-1:640185168982:event-source-mapping:56e608df-2c02-4806-8d04-dbd4bcc103e5",
            "batch_size": 1,
            "bisect_batch_on_function_error": false,
            "destination_config": [],
            "document_db_event_source_config": [],
            "enabled": true,
            "event_source_arn": "arn:aws:sqs:eu-central-1:640185168982:hai-frontend-dev-email-events.fifo",
            "filter_criteria": [],
            "function_arn": "arn:aws:lambda:eu-central-1:640185168982:function:hai-frontend-dev-multi-agent-processor",
            "function_name": "arn:aws:lambda:eu-central-1:640185168982:function:hai-frontend-dev-multi-agent-processor",
            "function_response_types": [
              "ReportBatchItemFailures"
            ],
            "id": "56e608df-2c02-4806-8d04-dbd4bcc103e5",
            "kms_key_arn": "",
            "last_modified": "2025-11-23T21:43:38Z",
            "last_processing_result": "",
            "maximum_batching_window_in_seconds": 0,
            "maximum_record_age_in_seconds": 0,
            "maximum_retry_attempts": 0,
            "metrics_config": [],
            "parallelization_factor": 0,
            "provisioned_poller_config": [],
            "queues": [],
            "scaling_config": [],
            "self_managed_event_source": [],
            "self_managed_kafka_event_source_config": [],
            "source_access_configuration": [],
            "starting_position": "",
            "starting_position_timestamp": "",
            "state": "Enabled",
            "state_transition_reason": "USER_INITIATED",
            "tags": {},
            "tags_all": {},
            "topics": [],
            "tumbling_window_in_seconds": 0,
            "uuid": "56e608df-2c02-4806-8d04-dbd4bcc103e5"
          },
          "sensitive_attributes": [],
          "private": "bnVsbA==",
          "dependencies": [
            "aws_cloudwatch_log_group.multi_agent_processor",
            "aws_dynamodb_table.hai_data",
            "aws_iam_role.multi_agent_processor",
            "aws_iam_role_policy.multi_agent_processor_bedrock_access",
            "aws_iam_role_policy.multi_agent_processor_dynamodb_access",
            "aws_iam_role_policy.multi_agent_processor_logging",
            "aws_iam_role_policy.multi_agent_processor_sqs_access",
            "aws_iam_role_policy_attachment.multi_agent_processor_basic_execution",
            "aws_lambda_function.multi_agent_processor",
            "aws_lambda_layer_version.data_repositories_python",
            "aws_s3_bucket.web",
            "aws_s3_object.multi_agent_processor_package",
            "aws_sqs_queue.email_ingestion_fifo",
            "data.archive_file.data_repositories_python_layer",
            "data.archive_file.multi_agent_processor_bundle",
            "data.aws_iam_policy_document.lambda_assume_role",
            "null_resource.multi_agent_processor_build",
            "random_string.web_bucket_suffix"
          ]
        }
      ]
    },
    {
      "mode": "managed",
      "type": "aws_lambda_function",
      "name": "email_ingestion",
      "provider": "provider[\"registry.terraform.io/hashicorp/aws\"]",
      "instances": [
        {
          "schema_version": 0,
          "attributes": {
            "architectures": [
              "x86_64"
            ],
            "arn": "arn:aws:lambda:eu-central-1:640185168982:function:hai-frontend-dev-email-ingestion",
            "code_sha256": "b13QUTDsvbuYm3WO+o3ygkhxjp+lDdZh40+69PRJe88=",
            "code_signing_config_arn": "",
            "dead_letter_config": [],
            "description": "",
            "environment": [
              {
                "variables": {
                  "EMAIL_FIFO_MESSAGE_GROUP_ID": "hai-frontend-dev",
                  "EMAIL_FIFO_QUEUE_URL": "https://sqs.eu-central-1.amazonaws.com/640185168982/hai-frontend-dev-email-events.fifo"
                }
              }
            ],
            "ephemeral_storage": [
              {
                "size": 512
              }
            ],
            "file_system_config": [],
            "filename": "./build/email-ingestion-lambda.zip",
            "function_name": "hai-frontend-dev-email-ingestion",
            "handler": "handler.handler",
            "id": "hai-frontend-dev-email-ingestion",
            "image_config": [],
            "image_uri": "",
            "invoke_arn": "arn:aws:apigateway:eu-central-1:lambda:path/2015-03-31/functions/arn:aws:lambda:eu-central-1:640185168982:function:hai-frontend-dev-email-ingestion/invocations",
            "kms_key_arn": "",
            "last_modified": "2025-12-31T10:52:15.000+0000",
            "layers": [],
            "logging_config": [
              {
                "application_log_level": "",
                "log_format": "Text",
                "log_group": "/aws/lambda/hai-frontend-dev-email-ingestion",
                "system_log_level": ""
              }
            ],
            "memory_size": 512,
            "package_type": "Zip",
            "publish": false,
            "qualified_arn": "arn:aws:lambda:eu-central-1:640185168982:function:hai-frontend-dev-email-ingestion:$LATEST",
            "qualified_invoke_arn": "arn:aws:apigateway:eu-central-1:lambda:path/2015-03-31/functions/arn:aws:lambda:eu-central-1:640185168982:function:hai-frontend-dev-email-ingestion:$LATEST/invocations",
            "replace_security_groups_on_destroy": null,
            "replacement_security_group_ids": null,
            "reserved_concurrent_executions": -1,
            "role": "arn:aws:iam::640185168982:role/hai-frontend-dev-email-ingestion-role",
            "runtime": "nodejs20.x",
            "s3_bucket": null,
            "s3_key": null,
            "s3_object_version": null,
            "signing_job_arn": "",
            "signing_profile_version_arn": "",
            "skip_destroy": false,
            "snap_start": [],
            "source_code_hash": "b13QUTDsvbuYm3WO+o3ygkhxjp+lDdZh40+69PRJe88=",
            "source_code_size": 10383055,
            "tags": {
              "Environment": "dev",
              "ManagedBy": "terraform",
              "Project": "hai-frontend"
            },
            "tags_all": {
              "Environment": "dev",
              "ManagedBy": "terraform",
              "Project": "hai-frontend"
            },
            "timeout": 10,
            "timeouts": null,
            "tracing_config": [
              {
                "mode": "PassThrough"
              }
            ],
            "version": "$LATEST",
            "vpc_config": []
          },
          "sensitive_attributes": [],
          "private": "eyJlMmJmYjczMC1lY2FhLTExZTYtOGY4OC0zNDM2M2JjN2M0YzAiOnsiY3JlYXRlIjo2MDAwMDAwMDAwMDAsImRlbGV0ZSI6NjAwMDAwMDAwMDAwLCJ1cGRhdGUiOjYwMDAwMDAwMDAwMH19",
          "dependencies": [
            "aws_cloudwatch_log_group.email_ingestion",
            "aws_iam_role.email_ingestion",
            "aws_iam_role_policy.email_ingestion_logging",
            "aws_iam_role_policy.email_ingestion_s3_access",
            "aws_iam_role_policy.email_ingestion_sqs_access",
            "aws_iam_role_policy_attachment.email_ingestion_basic_execution",
            "aws_sqs_queue.email_ingestion_fifo",
            "data.archive_file.email_ingestion_bundle",
            "data.aws_iam_policy_document.lambda_assume_role",
            "data.aws_s3_bucket.email_ingestion",
            "null_resource.email_ingestion_build"
          ]
        }
      ]
    },
    {
      "mode": "managed",
      "type": "aws_lambda_function",
      "name": "hai_api",
      "provider": "provider[\"registry.terraform.io/hashicorp/aws\"]",
      "instances": [
        {
          "schema_version": 0,
          "attributes": {
            "architectures": [
              "x86_64"
            ],
            "arn": "arn:aws:lambda:eu-central-1:640185168982:function:hai-frontend-dev-hai-api",
            "code_sha256": "IS0aWsCRb9KGvH3orOOZ7kij1HDN+95fgqArnUz5gyA=",
            "code_signing_config_arn": "",
            "dead_letter_config": [],
            "description": "",
            "environment": [
              {
                "variables": {
                  "DYNAMODB_TABLE_NAME": "hai-frontend-dev-hai-data",
                  "STAGE": "dev"
                }
              }
            ],
            "ephemeral_storage": [
              {
                "size": 512
              }
            ],
            "file_system_config": [],
            "filename": "./build/hai-api-lambda.zip",
            "function_name": "hai-frontend-dev-hai-api",
            "handler": "handler.handler",
            "id": "hai-frontend-dev-hai-api",
            "image_config": [],
            "image_uri": "",
            "invoke_arn": "arn:aws:apigateway:eu-central-1:lambda:path/2015-03-31/functions/arn:aws:lambda:eu-central-1:640185168982:function:hai-frontend-dev-hai-api/invocations",
            "kms_key_arn": "",
            "last_modified": "2026-01-02T15:51:45.000+0000",
            "layers": [
              "arn:aws:lambda:eu-central-1:640185168982:layer:hai-frontend-dev-data-repositories-nodejs:7"
            ],
            "logging_config": [
              {
                "application_log_level": "",
                "log_format": "Text",
                "log_group": "/aws/lambda/hai-frontend-dev-hai-api",
                "system_log_level": ""
              }
            ],
            "memory_size": 512,
            "package_type": "Zip",
            "publish": false,
            "qualified_arn": "arn:aws:lambda:eu-central-1:640185168982:function:hai-frontend-dev-hai-api:$LATEST",
            "qualified_invoke_arn": "arn:aws:apigateway:eu-central-1:lambda:path/2015-03-31/functions/arn:aws:lambda:eu-central-1:640185168982:function:hai-frontend-dev-hai-api:$LATEST/invocations",
            "replace_security_groups_on_destroy": null,
            "replacement_security_group_ids": null,
            "reserved_concurrent_executions": -1,
            "role": "arn:aws:iam::640185168982:role/hai-frontend-dev-hai-api-role",
            "runtime": "nodejs20.x",
            "s3_bucket": null,
            "s3_key": null,
            "s3_object_version": null,
            "signing_job_arn": "",
            "signing_profile_version_arn": "",
            "skip_destroy": false,
            "snap_start": [],
            "source_code_hash": "IS0aWsCRb9KGvH3orOOZ7kij1HDN+95fgqArnUz5gyA=",
            "source_code_size": 8119229,
            "tags": {
              "Environment": "dev",
              "ManagedBy": "terraform",
              "Project": "hai-frontend"
            },
            "tags_all": {
              "Environment": "dev",
              "ManagedBy": "terraform",
              "Project": "hai-frontend"
            },
            "timeout": 10,
            "timeouts": null,
            "tracing_config": [
              {
                "mode": "PassThrough"
              }
            ],
            "version": "$LATEST",
            "vpc_config": []
          },
          "sensitive_attributes": [],
          "private": "eyJlMmJmYjczMC1lY2FhLTExZTYtOGY4OC0zNDM2M2JjN2M0YzAiOnsiY3JlYXRlIjo2MDAwMDAwMDAwMDAsImRlbGV0ZSI6NjAwMDAwMDAwMDAwLCJ1cGRhdGUiOjYwMDAwMDAwMDAwMH19",
          "dependencies": [
            "aws_cloudwatch_log_group.hai_api",
            "aws_dynamodb_table.hai_data",
            "aws_iam_role.hai_api",
            "aws_iam_role_policy.hai_api_dynamodb",
            "aws_iam_role_policy.hai_api_logging",
            "aws_lambda_layer_version.data_repositories_nodejs",
            "data.archive_file.data_repositories_nodejs_layer",
            "data.archive_file.hai_api_bundle",
            "data.aws_iam_policy_document.lambda_assume_role",
            "null_resource.data_repositories_nodejs_build",
            "null_resource.hai_lambda_build"
          ]
        }
      ]
    },
    {
      "mode": "managed",
      "type": "aws_lambda_function",
      "name": "multi_agent_processor",
      "provider": "provider[\"registry.terraform.io/hashicorp/aws\"]",
      "instances": [
        {
          "schema_version": 0,
          "attributes": {
            "architectures": [
              "x86_64"
            ],
            "arn": "arn:aws:lambda:eu-central-1:640185168982:function:hai-frontend-dev-multi-agent-processor",
            "code_sha256": "S51Lp7B8crGQrIWW+HMFeS0R+GwiQc7C4JaOFzO0bI8=",
            "code_signing_config_arn": "",
            "dead_letter_config": [],
            "description": "",
            "environment": [
              {
                "variables": {
                  "DYNAMODB_TABLE_NAME": "hai-frontend-dev-hai-data",
                  "LOG_LEVEL": "INFO"
                }
              }
            ],
            "ephemeral_storage": [
              {
                "size": 512
              }
            ],
            "file_system_config": [],
            "filename": null,
            "function_name": "hai-frontend-dev-multi-agent-processor",
            "handler": "lambda_handler.lambda_handler",
            "id": "hai-frontend-dev-multi-agent-processor",
            "image_config": [],
            "image_uri": "",
            "invoke_arn": "arn:aws:apigateway:eu-central-1:lambda:path/2015-03-31/functions/arn:aws:lambda:eu-central-1:640185168982:function:hai-frontend-dev-multi-agent-processor/invocations",
            "kms_key_arn": "",
            "last_modified": "2025-12-31T10:52:29.000+0000",
            "layers": [
              "arn:aws:lambda:eu-central-1:640185168982:layer:hai-frontend-dev-data-repositories-python:1"
            ],
            "logging_config": [
              {
                "application_log_level": "",
                "log_format": "Text",
                "log_group": "/aws/lambda/hai-frontend-dev-multi-agent-processor",
                "system_log_level": ""
              }
            ],
            "memory_size": 2048,
            "package_type": "Zip",
            "publish": false,
            "qualified_arn": "arn:aws:lambda:eu-central-1:640185168982:function:hai-frontend-dev-multi-agent-processor:$LATEST",
            "qualified_invoke_arn": "arn:aws:apigateway:eu-central-1:lambda:path/2015-03-31/functions/arn:aws:lambda:eu-central-1:640185168982:function:hai-frontend-dev-multi-agent-processor:$LATEST/invocations",
            "replace_security_groups_on_destroy": null,
            "replacement_security_group_ids": null,
            "reserved_concurrent_executions": -1,
            "role": "arn:aws:iam::640185168982:role/hai-frontend-dev-multi-agent-processor-role",
            "runtime": "python3.11",
            "s3_bucket": "hai-frontend-dev-d24xpd",
            "s3_key": "lambda-packages/multi-agent-processor-552a105015249bbbe1b1f5c236bc662b.zip",
            "s3_object_version": null,
            "signing_job_arn": "",
            "signing_profile_version_arn": "",
            "skip_destroy": false,
            "snap_start": [],
            "source_code_hash": "S51Lp7B8crGQrIWW+HMFeS0R+GwiQc7C4JaOFzO0bI8=",
            "source_code_size": 75438865,
            "tags": {
              "Environment": "dev",
              "ManagedBy": "terraform",
              "Project": "hai-frontend"
            },
            "tags_all": {
              "Environment": "dev",
              "ManagedBy": "terraform",
              "Project": "hai-frontend"
            },
            "timeout": 900,
            "timeouts": null,
            "tracing_config": [
              {
                "mode": "PassThrough"
              }
            ],
            "version": "$LATEST",
            "vpc_config": []
          },
          "sensitive_attributes": [],
          "private": "eyJlMmJmYjczMC1lY2FhLTExZTYtOGY4OC0zNDM2M2JjN2M0YzAiOnsiY3JlYXRlIjo2MDAwMDAwMDAwMDAsImRlbGV0ZSI6NjAwMDAwMDAwMDAwLCJ1cGRhdGUiOjYwMDAwMDAwMDAwMH19",
          "dependencies": [
            "aws_cloudwatch_log_group.multi_agent_processor",
            "aws_dynamodb_table.hai_data",
            "aws_iam_role.multi_agent_processor",
            "aws_iam_role_policy.multi_agent_processor_bedrock_access",
            "aws_iam_role_policy.multi_agent_processor_dynamodb_access",
            "aws_iam_role_policy.multi_agent_processor_logging",
            "aws_iam_role_policy.multi_agent_processor_sqs_access",
            "aws_iam_role_policy_attachment.multi_agent_processor_basic_execution",
            "aws_lambda_layer_version.data_repositories_python",
            "aws_s3_bucket.web",
            "aws_s3_object.multi_agent_processor_package",
            "aws_sqs_queue.email_ingestion_fifo",
            "data.archive_file.data_repositories_python_layer",
            "data.archive_file.multi_agent_processor_bundle",
            "data.aws_iam_policy_document.lambda_assume_role",
            "null_resource.multi_agent_processor_build",
            "random_string.web_bucket_suffix"
          ]
        }
      ]
    },
    {
      "mode": "managed",
      "type": "aws_lambda_layer_version",
      "name": "data_repositories_nodejs",
      "provider": "provider[\"registry.terraform.io/hashicorp/aws\"]",
      "instances": [
        {
          "schema_version": 0,
          "attributes": {
            "arn": "arn:aws:lambda:eu-central-1:640185168982:layer:hai-frontend-dev-data-repositories-nodejs:7",
            "code_sha256": "RBOj/rOX83GgGuRGMrXzmvwUGa3rk9CRbQMPPe/eFEY=",
            "compatible_architectures": [],
            "compatible_runtimes": [
              "nodejs18.x",
              "nodejs20.x"
            ],
            "created_date": "2026-01-02T15:51:37.569+0000",
            "description": "Shared data repositories for HAI TypeScript Lambda functions",
            "filename": "./build/data-repositories-nodejs-layer.zip",
            "id": "arn:aws:lambda:eu-central-1:640185168982:layer:hai-frontend-dev-data-repositories-nodejs:7",
            "layer_arn": "arn:aws:lambda:eu-central-1:640185168982:layer:hai-frontend-dev-data-repositories-nodejs",
            "layer_name": "hai-frontend-dev-data-repositories-nodejs",
            "license_info": "",
            "s3_bucket": null,
            "s3_key": null,
            "s3_object_version": null,
            "signing_job_arn": "",
            "signing_profile_version_arn": "",
            "skip_destroy": false,
            "source_code_hash": "RBOj/rOX83GgGuRGMrXzmvwUGa3rk9CRbQMPPe/eFEY=",
            "source_code_size": 8307940,
            "version": "7"
          },
          "sensitive_attributes": [],
          "private": "bnVsbA==",
          "dependencies": [
            "data.archive_file.data_repositories_nodejs_layer",
            "null_resource.data_repositories_nodejs_build"
          ]
        }
      ]
    },
    {
      "mode": "managed",
      "type": "aws_lambda_layer_version",
      "name": "data_repositories_python",
      "provider": "provider[\"registry.terraform.io/hashicorp/aws\"]",
      "instances": [
        {
          "schema_version": 0,
          "attributes": {
            "arn": "arn:aws:lambda:eu-central-1:640185168982:layer:hai-frontend-dev-data-repositories-python:1",
            "code_sha256": "1/NG+B6LZNvLU3foPy+Sri/f8qhJWYCHcDuh1bk6KVg=",
            "compatible_architectures": [],
            "compatible_runtimes": [
              "python3.10",
              "python3.11",
              "python3.9"
            ],
            "created_date": "2025-11-24T21:34:34.410+0000",
            "description": "Shared data repositories for HAI Python Lambda functions",
            "filename": "./build/data-repositories-python-layer.zip",
            "id": "arn:aws:lambda:eu-central-1:640185168982:layer:hai-frontend-dev-data-repositories-python:1",
            "layer_arn": "arn:aws:lambda:eu-central-1:640185168982:layer:hai-frontend-dev-data-repositories-python",
            "layer_name": "hai-frontend-dev-data-repositories-python",
            "license_info": "",
            "s3_bucket": null,
            "s3_key": null,
            "s3_object_version": null,
            "signing_job_arn": "",
            "signing_profile_version_arn": "",
            "skip_destroy": false,
            "source_code_hash": "1/NG+B6LZNvLU3foPy+Sri/f8qhJWYCHcDuh1bk6KVg=",
            "source_code_size": 1378,
            "version": "1"
          },
          "sensitive_attributes": [],
          "private": "bnVsbA==",
          "dependencies": [
            "data.archive_file.data_repositories_python_layer"
          ]
        }
      ]
    },
    {
      "mode": "managed",
      "type": "aws_lambda_permission",
      "name": "allow_s3_email_ingestion",
      "provider": "provider[\"registry.terraform.io/hashicorp/aws\"]",
      "instances": [
        {
          "schema_version": 0,
          "attributes": {
            "action": "lambda:InvokeFunction",
            "event_source_token": null,
            "function_name": "hai-frontend-dev-email-ingestion",
            "function_url_auth_type": null,
            "id": "AllowExecutionFromS3EmailIngestion",
            "principal": "s3.amazonaws.com",
            "principal_org_id": null,
            "qualifier": "",
            "source_account": null,
            "source_arn": "arn:aws:s3:::hai-data-lake",
            "statement_id": "AllowExecutionFromS3EmailIngestion",
            "statement_id_prefix": ""
          },
          "sensitive_attributes": [],
          "private": "bnVsbA==",
          "dependencies": [
            "aws_cloudwatch_log_group.email_ingestion",
            "aws_iam_role.email_ingestion",
            "aws_iam_role_policy.email_ingestion_logging",
            "aws_iam_role_policy.email_ingestion_s3_access",
            "aws_iam_role_policy.email_ingestion_sqs_access",
            "aws_iam_role_policy_attachment.email_ingestion_basic_execution",
            "aws_lambda_function.email_ingestion",
            "aws_sqs_queue.email_ingestion_fifo",
            "data.archive_file.email_ingestion_bundle",
            "data.aws_iam_policy_document.lambda_assume_role",
            "data.aws_s3_bucket.email_ingestion",
            "null_resource.email_ingestion_build"
          ]
        }
      ]
    },
    {
      "mode": "managed",
      "type": "aws_lambda_permission",
      "name": "hai_api_gateway",
      "provider": "provider[\"registry.terraform.io/hashicorp/aws\"]",
      "instances": [
        {
          "schema_version": 0,
          "attributes": {
            "action": "lambda:InvokeFunction",
            "event_source_token": null,
            "function_name": "hai-frontend-dev-hai-api",
            "function_url_auth_type": null,
            "id": "AllowHAIAPIGatewayInvoke",
            "principal": "apigateway.amazonaws.com",
            "principal_org_id": null,
            "qualifier": "",
            "source_account": null,
            "source_arn": "arn:aws:execute-api:eu-central-1:640185168982:2ntyt8anuj/*/*",
            "statement_id": "AllowHAIAPIGatewayInvoke",
            "statement_id_prefix": ""
          },
          "sensitive_attributes": [],
          "private": "bnVsbA==",
          "dependencies": [
            "aws_apigatewayv2_api.hai_api",
            "aws_cloudwatch_log_group.hai_api",
            "aws_dynamodb_table.hai_data",
            "aws_iam_role.hai_api",
            "aws_iam_role_policy.hai_api_dynamodb",
            "aws_iam_role_policy.hai_api_logging",
            "aws_lambda_function.hai_api",
            "aws_lambda_layer_version.data_repositories_nodejs",
            "data.archive_file.data_repositories_nodejs_layer",
            "data.archive_file.hai_api_bundle",
            "data.aws_iam_policy_document.lambda_assume_role",
            "null_resource.data_repositories_nodejs_build",
            "null_resource.hai_lambda_build"
          ]
        }
      ]
    },
    {
      "mode": "managed",
      "type": "aws_s3_bucket",
      "name": "web",
      "provider": "provider[\"registry.terraform.io/hashicorp/aws\"]",
      "instances": [
        {
          "schema_version": 0,
          "attributes": {
            "acceleration_status": "",
            "acl": null,
            "arn": "arn:aws:s3:::hai-frontend-dev-d24xpd",
            "bucket": "hai-frontend-dev-d24xpd",
            "bucket_domain_name": "hai-frontend-dev-d24xpd.s3.amazonaws.com",
            "bucket_prefix": "",
            "bucket_regional_domain_name": "hai-frontend-dev-d24xpd.s3.eu-central-1.amazonaws.com",
            "cors_rule": [],
            "force_destroy": false,
            "grant": [
              {
                "id": "9431ceb7080cc9490ae57eadf6d846aed52b14941ae9d786b8887ebf08ca9fd8",
                "permissions": [
                  "FULL_CONTROL"
                ],
                "type": "CanonicalUser",
                "uri": ""
              }
            ],
            "hosted_zone_id": "Z21DNDUVLTQW6Q",
            "id": "hai-frontend-dev-d24xpd",
            "lifecycle_rule": [],
            "logging": [],
            "object_lock_configuration": [],
            "object_lock_enabled": false,
            "policy": "{\"Statement\":[{\"Action\":\"s3:GetObject\",\"Effect\":\"Allow\",\"Principal\":{\"AWS\":\"arn:aws:iam::cloudfront:user/CloudFront Origin Access Identity E22CCTI6HW8MF0\"},\"Resource\":\"arn:aws:s3:::hai-frontend-dev-d24xpd/*\",\"Sid\":\"AllowCloudFrontServicePrincipalReadOnly\"}],\"Version\":\"2012-10-17\"}",
            "region": "eu-central-1",
            "replication_configuration": [],
            "request_payer": "BucketOwner",
            "server_side_encryption_configuration": [
              {
                "rule": [
                  {
                    "apply_server_side_encryption_by_default": [
                      {
                        "kms_master_key_id": "",
                        "sse_algorithm": "AES256"
                      }
                    ],
                    "bucket_key_enabled": false
                  }
                ]
              }
            ],
            "tags": {
              "Environment": "dev",
              "ManagedBy": "terraform",
              "Project": "hai-frontend"
            },
            "tags_all": {
              "Environment": "dev",
              "ManagedBy": "terraform",
              "Project": "hai-frontend"
            },
            "timeouts": null,
            "versioning": [
              {
                "enabled": true,
                "mfa_delete": false
              }
            ],
            "website": [],
            "website_domain": null,
            "website_endpoint": null
          },
          "sensitive_attributes": [],
          "private": "eyJlMmJmYjczMC1lY2FhLTExZTYtOGY4OC0zNDM2M2JjN2M0YzAiOnsiY3JlYXRlIjoxMjAwMDAwMDAwMDAwLCJkZWxldGUiOjM2MDAwMDAwMDAwMDAsInJlYWQiOjEyMDAwMDAwMDAwMDAsInVwZGF0ZSI6MTIwMDAwMDAwMDAwMH19",
          "dependencies": [
            "random_string.web_bucket_suffix"
          ]
        }
      ]
    },
    {
      "mode": "managed",
      "type": "aws_s3_bucket_notification",
      "name": "email_ingestion",
      "provider": "provider[\"registry.terraform.io/hashicorp/aws\"]",
      "instances": [
        {
          "schema_version": 0,
          "attributes": {
            "bucket": "hai-data-lake",
            "eventbridge": false,
            "id": "hai-data-lake",
            "lambda_function": [
              {
                "events": [
                  "s3:ObjectCreated:*"
                ],
                "filter_prefix": "emails/",
                "filter_suffix": "",
                "id": "tf-s3-lambda-20251123150850534500000003",
                "lambda_function_arn": "arn:aws:lambda:eu-central-1:640185168982:function:hai-frontend-dev-email-ingestion"
              }
            ],
            "queue": [],
            "topic": []
          },
          "sensitive_attributes": [],
          "private": "bnVsbA==",
          "dependencies": [
            "aws_cloudwatch_log_group.email_ingestion",
            "aws_iam_role.email_ingestion",
            "aws_iam_role_policy.email_ingestion_logging",
            "aws_iam_role_policy.email_ingestion_s3_access",
            "aws_iam_role_policy.email_ingestion_sqs_access",
            "aws_iam_role_policy_attachment.email_ingestion_basic_execution",
            "aws_lambda_function.email_ingestion",
            "aws_lambda_permission.allow_s3_email_ingestion",
            "aws_sqs_queue.email_ingestion_fifo",
            "data.archive_file.email_ingestion_bundle",
            "data.aws_iam_policy_document.lambda_assume_role",
            "data.aws_s3_bucket.email_ingestion",
            "null_resource.email_ingestion_build"
          ]
        }
      ]
    },
    {
      "mode": "managed",
      "type": "aws_s3_bucket_policy",
      "name": "web",
      "provider": "provider[\"registry.terraform.io/hashicorp/aws\"]",
      "instances": [
        {
          "schema_version": 0,
          "attributes": {
            "bucket": "hai-frontend-dev-d24xpd",
            "id": "hai-frontend-dev-d24xpd",
            "policy": "{\"Statement\":[{\"Action\":\"s3:GetObject\",\"Effect\":\"Allow\",\"Principal\":{\"AWS\":\"arn:aws:iam::cloudfront:user/CloudFront Origin Access Identity E22CCTI6HW8MF0\"},\"Resource\":\"arn:aws:s3:::hai-frontend-dev-d24xpd/*\",\"Sid\":\"AllowCloudFrontServicePrincipalReadOnly\"}],\"Version\":\"2012-10-17\"}"
          },
          "sensitive_attributes": [],
          "private": "bnVsbA==",
          "dependencies": [
            "aws_s3_bucket.web",
            "data.aws_iam_policy_document.web_bucket_policy"
          ]
        }
      ]
    },
    {
      "mode": "managed",
      "type": "aws_s3_bucket_public_access_block",
      "name": "web",
      "provider": "provider[\"registry.terraform.io/hashicorp/aws\"]",
      "instances": [
        {
          "schema_version": 0,
          "attributes": {
            "block_public_acls": true,
            "block_public_policy": true,
            "bucket": "hai-frontend-dev-d24xpd",
            "id": "hai-frontend-dev-d24xpd",
            "ignore_public_acls": true,
            "restrict_public_buckets": true
          },
          "sensitive_attributes": [],
          "private": "bnVsbA==",
          "dependencies": [
            "aws_s3_bucket.web",
            "random_string.web_bucket_suffix"
          ]
        }
      ]
    },
    {
      "mode": "managed",
      "type": "aws_s3_bucket_versioning",
      "name": "web",
      "provider": "provider[\"registry.terraform.io/hashicorp/aws\"]",
      "instances": [
        {
          "schema_version": 0,
          "attributes": {
            "bucket": "hai-frontend-dev-d24xpd",
            "expected_bucket_owner": "",
            "id": "hai-frontend-dev-d24xpd",
            "mfa": null,
            "versioning_configuration": [
              {
                "mfa_delete": "",
                "status": "Enabled"
              }
            ]
          },
          "sensitive_attributes": [],
          "private": "bnVsbA==",
          "dependencies": [
            "aws_s3_bucket.web",
            "random_string.web_bucket_suffix"
          ]
        }
      ]
    },
    {
      "mode": "managed",
      "type": "aws_s3_object",
      "name": "config_json",
      "provider": "provider[\"registry.terraform.io/hashicorp/aws\"]",
      "instances": [
        {
          "schema_version": 0,
          "attributes": {
            "acl": null,
            "arn": "arn:aws:s3:::hai-frontend-dev-d24xpd/config.json",
            "bucket": "hai-frontend-dev-d24xpd",
            "bucket_key_enabled": false,
            "cache_control": "",
            "checksum_algorithm": null,
            "checksum_crc32": "",
            "checksum_crc32c": "",
            "checksum_crc64nvme": "",
            "checksum_sha1": "",
            "checksum_sha256": "",
            "content": "{\"apiEndpoint\":\"https://2ntyt8anuj.execute-api.eu-central-1.amazonaws.com\",\"identityPoolId\":\"eu-central-1:28575410-a15b-49f7-a5e5-75bd672f15f4\",\"region\":\"eu-central-1\",\"userPoolClientId\":\"6h0mi452sgnohdb93ngvpn5p4l\",\"userPoolId\":\"eu-central-1_1kqqcTioX\"}",
            "content_base64": null,
            "content_disposition": "",
            "content_encoding": "",
            "content_language": "",
            "content_type": "application/json",
            "etag": "b9d700fa70c31cae106aad1cf8ebd796",
            "force_destroy": false,
            "id": "config.json",
            "key": "config.json",
            "kms_key_id": null,
            "metadata": {},
            "object_lock_legal_hold_status": "",
            "object_lock_mode": "",
            "object_lock_retain_until_date": "",
            "override_provider": [],
            "server_side_encryption": "AES256",
            "source": null,
            "source_hash": null,
            "storage_class": "STANDARD",
            "tags": {},
            "tags_all": {},
            "version_id": "W7cMQPMrsuySElAJT8YFzQNT2qZ9H5CD",
            "website_redirect": ""
          },
          "sensitive_attributes": [],
          "private": "bnVsbA==",
          "dependencies": [
            "aws_apigatewayv2_api.hai_api",
            "aws_cloudfront_origin_access_identity.web",
            "aws_cognito_identity_pool.main",
            "aws_cognito_user_pool.main",
            "aws_cognito_user_pool_client.main",
            "aws_s3_bucket.web",
            "aws_s3_bucket_policy.web",
            "data.aws_iam_policy_document.web_bucket_policy",
            "data.aws_region.current",
            "random_string.web_bucket_suffix"
          ]
        }
      ]
    },
    {
      "mode": "managed",
      "type": "aws_s3_object",
      "name": "multi_agent_processor_package",
      "provider": "provider[\"registry.terraform.io/hashicorp/aws\"]",
      "instances": [
        {
          "schema_version": 0,
          "attributes": {
            "acl": null,
            "arn": "arn:aws:s3:::hai-frontend-dev-d24xpd/lambda-packages/multi-agent-processor-552a105015249bbbe1b1f5c236bc662b.zip",
            "bucket": "hai-frontend-dev-d24xpd",
            "bucket_key_enabled": false,
            "cache_control": "",
            "checksum_algorithm": null,
            "checksum_crc32": "",
            "checksum_crc32c": "",
            "checksum_crc64nvme": "",
            "checksum_sha1": "",
            "checksum_sha256": "",
            "content": null,
            "content_base64": null,
            "content_disposition": "",
            "content_encoding": "",
            "content_language": "",
            "content_type": "binary/octet-stream",
            "etag": "11f9dcb871f1ad706dbb9b1758130ce3-15",
            "force_destroy": false,
            "id": "lambda-packages/multi-agent-processor-552a105015249bbbe1b1f5c236bc662b.zip",
            "key": "lambda-packages/multi-agent-processor-552a105015249bbbe1b1f5c236bc662b.zip",
            "kms_key_id": null,
            "metadata": {},
            "object_lock_legal_hold_status": "",
            "object_lock_mode": "",
            "object_lock_retain_until_date": "",
            "override_provider": [],
            "server_side_encryption": "AES256",
            "source": "./build/multi-agent-processor.zip",
            "source_hash": null,
            "storage_class": "STANDARD",
            "tags": {},
            "tags_all": {},
            "version_id": "0s58GJIc7OmdmB8JXIcdXnuo_83msD9g",
            "website_redirect": ""
          },
          "sensitive_attributes": [],
          "private": "bnVsbA==",
          "dependencies": [
            "aws_s3_bucket.web",
            "data.archive_file.multi_agent_processor_bundle"
          ]
        }
      ]
    },
    {
      "mode": "managed",
      "type": "aws_s3_object",
      "name": "web_assets",
      "provider": "provider[\"registry.terraform.io/hashicorp/aws\"]",
      "instances": [
        {
          "index_key": "assets/index-CLg3A7vy.css",
          "schema_version": 0,
          "attributes": {
            "acl": null,
            "arn": "arn:aws:s3:::hai-frontend-dev-d24xpd/assets/index-CLg3A7vy.css",
            "bucket": "hai-frontend-dev-d24xpd",
            "bucket_key_enabled": false,
            "cache_control": "",
            "checksum_algorithm": null,
            "checksum_crc32": "",
            "checksum_crc32c": "",
            "checksum_crc64nvme": "",
            "checksum_sha1": "",
            "checksum_sha256": "",
            "content": null,
            "content_base64": null,
            "content_disposition": "",
            "content_encoding": "",
            "content_language": "",
            "content_type": "text/css",
            "etag": "e027bfb1452dbe56ede34fb57ced44d5",
            "force_destroy": false,
            "id": "assets/index-CLg3A7vy.css",
            "key": "assets/index-CLg3A7vy.css",
            "kms_key_id": null,
            "metadata": {},
            "object_lock_legal_hold_status": "",
            "object_lock_mode": "",
            "object_lock_retain_until_date": "",
            "override_provider": [],
            "server_side_encryption": "AES256",
            "source": "/Users/marinradjenovic/Documents/pyworkspace/hai-frontend/web/dist/assets/index-CLg3A7vy.css",
            "source_hash": null,
            "storage_class": "STANDARD",
            "tags": {},
            "tags_all": {},
            "version_id": "B9XeNZrCaUrC053OrvpM_BMtahnH0yWy",
            "website_redirect": ""
          },
          "sensitive_attributes": [],
          "private": "bnVsbA==",
          "dependencies": [
            "aws_cloudfront_origin_access_identity.web",
            "aws_s3_bucket.web",
            "aws_s3_bucket_policy.web",
            "data.aws_iam_policy_document.web_bucket_policy",
            "random_string.web_bucket_suffix"
          ]
        },
        {
          "index_key": "assets/index-W3H0uhLJ.js",
          "schema_version": 0,
          "attributes": {
            "acl": null,
            "arn": "arn:aws:s3:::hai-frontend-dev-d24xpd/assets/index-W3H0uhLJ.js",
            "bucket": "hai-frontend-dev-d24xpd",
            "bucket_key_enabled": false,
            "cache_control": "",
            "checksum_algorithm": null,
            "checksum_crc32": "",
            "checksum_crc32c": "",
            "checksum_crc64nvme": "",
            "checksum_sha1": "",
            "checksum_sha256": "",
            "content": null,
            "content_base64": null,
            "content_disposition": "",
            "content_encoding": "",
            "content_language": "",
            "content_type": "application/javascript",
            "etag": "542b239d6923b281d345318fbc29fabe",
            "force_destroy": false,
            "id": "assets/index-W3H0uhLJ.js",
            "key": "assets/index-W3H0uhLJ.js",
            "kms_key_id": null,
            "metadata": null,
            "object_lock_legal_hold_status": "",
            "object_lock_mode": "",
            "object_lock_retain_until_date": "",
            "override_provider": [],
            "server_side_encryption": "AES256",
            "source": "/Users/marinradjenovic/Documents/pyworkspace/hai-frontend/web/dist/assets/index-W3H0uhLJ.js",
            "source_hash": null,
            "storage_class": "STANDARD",
            "tags": null,
            "tags_all": {},
            "version_id": "ynSp0CO5R4sFNB8av7BE2g4ORFb0rz22",
            "website_redirect": ""
          },
          "sensitive_attributes": [],
          "private": "bnVsbA==",
          "dependencies": [
            "aws_s3_bucket.web",
            "aws_s3_bucket_policy.web",
            "data.aws_iam_policy_document.web_bucket_policy"
          ]
        },
        {
          "index_key": "index.html",
          "schema_version": 0,
          "attributes": {
            "acl": null,
            "arn": "arn:aws:s3:::hai-frontend-dev-d24xpd/index.html",
            "bucket": "hai-frontend-dev-d24xpd",
            "bucket_key_enabled": false,
            "cache_control": "",
            "checksum_algorithm": null,
            "checksum_crc32": "",
            "checksum_crc32c": "",
            "checksum_crc64nvme": "",
            "checksum_sha1": "",
            "checksum_sha256": "",
            "content": null,
            "content_base64": null,
            "content_disposition": "",
            "content_encoding": "",
            "content_language": "",
            "content_type": "text/html",
            "etag": "21e3a43c60b2a7ac704fdac79641028f",
            "force_destroy": false,
            "id": "index.html",
            "key": "index.html",
            "kms_key_id": null,
            "metadata": {},
            "object_lock_legal_hold_status": "",
            "object_lock_mode": "",
            "object_lock_retain_until_date": "",
            "override_provider": [],
            "server_side_encryption": "AES256",
            "source": "/Users/marinradjenovic/Documents/pyworkspace/hai-frontend/web/dist/index.html",
            "source_hash": null,
            "storage_class": "STANDARD",
            "tags": {},
            "tags_all": {},
            "version_id": "vpsQ3Q27GlwD4_CvXR7GGlb3hAIsSBk.",
            "website_redirect": ""
          },
          "sensitive_attributes": [],
          "private": "bnVsbA==",
          "dependencies": [
            "aws_s3_bucket.web",
            "aws_s3_bucket_policy.web",
            "data.aws_iam_policy_document.web_bucket_policy"
          ]
        }
      ]
    },
    {
      "mode": "managed",
      "type": "aws_sqs_queue",
      "name": "email_ingestion_fifo",
      "provider": "provider[\"registry.terraform.io/hashicorp/aws\"]",
      "instances": [
        {
          "schema_version": 0,
          "attributes": {
            "arn": "arn:aws:sqs:eu-central-1:640185168982:hai-frontend-dev-email-events.fifo",
            "content_based_deduplication": false,
            "deduplication_scope": "queue",
            "delay_seconds": 0,
            "fifo_queue": true,
            "fifo_throughput_limit": "perQueue",
            "id": "https://sqs.eu-central-1.amazonaws.com/640185168982/hai-frontend-dev-email-events.fifo",
            "kms_data_key_reuse_period_seconds": 300,
            "kms_master_key_id": "",
            "max_message_size": 262144,
            "message_retention_seconds": 1209600,
            "name": "hai-frontend-dev-email-events.fifo",
            "name_prefix": "",
            "policy": "",
            "receive_wait_time_seconds": 0,
            "redrive_allow_policy": "",
            "redrive_policy": "",
            "sqs_managed_sse_enabled": true,
            "tags": {
              "Environment": "dev",
              "ManagedBy": "terraform",
              "Project": "hai-frontend"
            },
            "tags_all": {
              "Environment": "dev",
              "ManagedBy": "terraform",
              "Project": "hai-frontend"
            },
            "timeouts": null,
            "url": "https://sqs.eu-central-1.amazonaws.com/640185168982/hai-frontend-dev-email-events.fifo",
            "visibility_timeout_seconds": 5400
          },
          "sensitive_attributes": [],
          "private": "eyJlMmJmYjczMC1lY2FhLTExZTYtOGY4OC0zNDM2M2JjN2M0YzAiOnsiY3JlYXRlIjoxODAwMDAwMDAwMDAsImRlbGV0ZSI6MTgwMDAwMDAwMDAwLCJ1cGRhdGUiOjE4MDAwMDAwMDAwMH19"
        }
      ]
    },
    {
      "mode": "managed",
      "type": "null_resource",
      "name": "data_repositories_nodejs_build",
      "provider": "provider[\"registry.terraform.io/hashicorp/null\"]",
      "instances": [
        {
          "schema_version": 0,
          "attributes": {
            "id": "3569147107200791994",
            "triggers": {
              "package_json": "498a7e0eb6680ddefbab16909fe07b45",
              "source_hash": "0d64a84fe353f776ff5c6254f41e554899f43738"
            }
          },
          "sensitive_attributes": []
        }
      ]
    },
    {
      "mode": "managed",
      "type": "null_resource",
      "name": "email_ingestion_build",
      "provider": "provider[\"registry.terraform.io/hashicorp/null\"]",
      "instances": [
        {
          "schema_version": 0,
          "attributes": {
            "id": "5323660344305782826",
            "triggers": {
              "lockfile": "9f55897d3fb74ba8e2eb957bad678cfa",
              "package": "a288220fef62d28ccbd198d4a52a2291",
              "source_hash": "95ee714e5c290145b3a8fcb7d98ef173ab926d8e"
            }
          },
          "sensitive_attributes": []
        }
      ]
    },
    {
      "mode": "managed",
      "type": "null_resource",
      "name": "hai_lambda_build",
      "provider": "provider[\"registry.terraform.io/hashicorp/null\"]",
      "instances": [
        {
          "schema_version": 0,
          "attributes": {
            "id": "4140436542341233338",
            "triggers": {
              "always_run": "2026-01-09T18:20:11Z"
            }
          },
          "sensitive_attributes": []
        }
      ]
    },
    {
      "mode": "managed",
      "type": "null_resource",
      "name": "multi_agent_processor_build",
      "provider": "provider[\"registry.terraform.io/hashicorp/null\"]",
      "instances": [
        {
          "schema_version": 0,
          "attributes": {
            "id": "6497403297962768821",
            "triggers": {
              "requirements": "5e41ac589ce34e99ba6b9668b068936d",
              "source_hash": "223e373de45a96da9cfc35aa56014e80b29decb7"
            }
          },
          "sensitive_attributes": []
        }
      ]
    },
    {
      "mode": "managed",
      "type": "random_string",
      "name": "web_bucket_suffix",
      "provider": "provider[\"registry.terraform.io/hashicorp/random\"]",
      "instances": [
        {
          "schema_version": 2,
          "attributes": {
            "id": "d24xpd",
            "keepers": null,
            "length": 6,
            "lower": true,
            "min_lower": 0,
            "min_numeric": 0,
            "min_special": 0,
            "min_upper": 0,
            "number": true,
            "numeric": true,
            "override_special": null,
            "result": "d24xpd",
            "special": false,
            "upper": false
          },
          "sensitive_attributes": []
        }
      ]
    }
  ],
  "check_results": null
}
